// !$*UTF8*$!
{
	archiveVersion = 1;
	classes = {
	};
	objectVersion = 46;
	objects = {
/* Begin PBXBuildFile section */
		1D3623260D0F684500981E51 /* AppDelegate.m in Sources */ = {isa = PBXBuildFile; fileRef = 1D3623250D0F684500981E51 /* AppDelegate.m */; };
		1D60589B0D05DD56006BFB54 /* main.m in Sources */ = {isa = PBXBuildFile; fileRef = 29B97316FDCFA39411CA2CEA /* main.m */; };
		288765FD0DF74451002DB57D /* CoreGraphics.framework in Frameworks */ = {isa = PBXBuildFile; fileRef = 288765FC0DF74451002DB57D /* CoreGraphics.framework */; };
		301BF552109A68D80062928A /* libCordova.a in Frameworks */ = {isa = PBXBuildFile; fileRef = 301BF535109A57CC0062928A /* libCordova.a */; };
		302D95F114D2391D003F00A1 /* MainViewController.m in Sources */ = {isa = PBXBuildFile; fileRef = 302D95EF14D2391D003F00A1 /* MainViewController.m */; };
		302D95F214D2391D003F00A1 /* MainViewController.xib in Resources */ = {isa = PBXBuildFile; fileRef = 302D95F014D2391D003F00A1 /* MainViewController.xib */; };
		305D5FD1115AB8F900A74A75 /* MobileCoreServices.framework in Frameworks */ = {isa = PBXBuildFile; fileRef = 305D5FD0115AB8F900A74A75 /* MobileCoreServices.framework */; };
		3088BBBD154F3926009F9C59 /* Default-Landscape@2x~ipad.png in Resources */ = {isa = PBXBuildFile; fileRef = 3088BBB7154F3926009F9C59 /* Default-Landscape@2x~ipad.png */; };
		3088BBBE154F3926009F9C59 /* Default-Landscape~ipad.png in Resources */ = {isa = PBXBuildFile; fileRef = 3088BBB8154F3926009F9C59 /* Default-Landscape~ipad.png */; };
		3088BBBF154F3926009F9C59 /* Default-Portrait@2x~ipad.png in Resources */ = {isa = PBXBuildFile; fileRef = 3088BBB9154F3926009F9C59 /* Default-Portrait@2x~ipad.png */; };
		3088BBC0154F3926009F9C59 /* Default-Portrait~ipad.png in Resources */ = {isa = PBXBuildFile; fileRef = 3088BBBA154F3926009F9C59 /* Default-Portrait~ipad.png */; };
		3088BBC1154F3926009F9C59 /* Default@2x~iphone.png in Resources */ = {isa = PBXBuildFile; fileRef = 3088BBBB154F3926009F9C59 /* Default@2x~iphone.png */; };
		3088BBC2154F3926009F9C59 /* Default~iphone.png in Resources */ = {isa = PBXBuildFile; fileRef = 3088BBBC154F3926009F9C59 /* Default~iphone.png */; };
		308D05371370CCF300D202BF /* icon-72.png in Resources */ = {isa = PBXBuildFile; fileRef = 308D052E1370CCF300D202BF /* icon-72.png */; };
		308D05381370CCF300D202BF /* icon.png in Resources */ = {isa = PBXBuildFile; fileRef = 308D052F1370CCF300D202BF /* icon.png */; };
		308D05391370CCF300D202BF /* icon@2x.png in Resources */ = {isa = PBXBuildFile; fileRef = 308D05301370CCF300D202BF /* icon@2x.png */; };
		30B4F30019D5E07200D9F7D8 /* Default-667h.png in Resources */ = {isa = PBXBuildFile; fileRef = 30B4F2FD19D5E07200D9F7D8 /* Default-667h.png */; };
		30B4F30119D5E07200D9F7D8 /* Default-736h.png in Resources */ = {isa = PBXBuildFile; fileRef = 30B4F2FE19D5E07200D9F7D8 /* Default-736h.png */; };
		30B4F30219D5E07200D9F7D8 /* Default-Landscape-736h.png in Resources */ = {isa = PBXBuildFile; fileRef = 30B4F2FF19D5E07200D9F7D8 /* Default-Landscape-736h.png */; };
		30C1856619D5FC0A00212699 /* icon-60@3x.png in Resources */ = {isa = PBXBuildFile; fileRef = 30C1856519D5FC0A00212699 /* icon-60@3x.png */; };
		30FC414916E50CA1004E6F35 /* icon-72@2x.png in Resources */ = {isa = PBXBuildFile; fileRef = 30FC414816E50CA1004E6F35 /* icon-72@2x.png */; };
		5B1594DD16A7569C00FEF299 /* AssetsLibrary.framework in Frameworks */ = {isa = PBXBuildFile; fileRef = 5B1594DC16A7569C00FEF299 /* AssetsLibrary.framework */; };
		7E7966DE1810823500FA85AD /* icon-40.png in Resources */ = {isa = PBXBuildFile; fileRef = 7E7966D41810823500FA85AD /* icon-40.png */; };
		7E7966DF1810823500FA85AD /* icon-40@2x.png in Resources */ = {isa = PBXBuildFile; fileRef = 7E7966D51810823500FA85AD /* icon-40@2x.png */; };
		7E7966E01810823500FA85AD /* icon-50.png in Resources */ = {isa = PBXBuildFile; fileRef = 7E7966D61810823500FA85AD /* icon-50.png */; };
		7E7966E11810823500FA85AD /* icon-50@2x.png in Resources */ = {isa = PBXBuildFile; fileRef = 7E7966D71810823500FA85AD /* icon-50@2x.png */; };
		7E7966E21810823500FA85AD /* icon-60.png in Resources */ = {isa = PBXBuildFile; fileRef = 7E7966D81810823500FA85AD /* icon-60.png */; };
		7E7966E31810823500FA85AD /* icon-60@2x.png in Resources */ = {isa = PBXBuildFile; fileRef = 7E7966D91810823500FA85AD /* icon-60@2x.png */; };
		7E7966E41810823500FA85AD /* icon-76.png in Resources */ = {isa = PBXBuildFile; fileRef = 7E7966DA1810823500FA85AD /* icon-76.png */; };
		7E7966E51810823500FA85AD /* icon-76@2x.png in Resources */ = {isa = PBXBuildFile; fileRef = 7E7966DB1810823500FA85AD /* icon-76@2x.png */; };
		7E7966E61810823500FA85AD /* icon-small.png in Resources */ = {isa = PBXBuildFile; fileRef = 7E7966DC1810823500FA85AD /* icon-small.png */; };
		7E7966E71810823500FA85AD /* icon-small@2x.png in Resources */ = {isa = PBXBuildFile; fileRef = 7E7966DD1810823500FA85AD /* icon-small@2x.png */; };
		D4A0D8761607E02300AEF8BB /* Default-568h@2x~iphone.png in Resources */ = {isa = PBXBuildFile; fileRef = D4A0D8751607E02300AEF8BB /* Default-568h@2x~iphone.png */; };
		66F34166645B4BEF9692D2D9 /* IonicKeyboard.m in Sources */ = {isa = PBXBuildFile; fileRef = 201DAB1D06D3460FBDBDE8D8 /* IonicKeyboard.m */; };
		1C221423A8DC44718AB6F9E1 /* UIWebViewExtension.m in Sources */ = {isa = PBXBuildFile; fileRef = 91C3615FF4034603B1A96845 /* UIWebViewExtension.m */; };
		6006869FEFF94D529D45E6D6 /* CDVInAppBrowser.m in Sources */ = {isa = PBXBuildFile; fileRef = BF479C3997B14E6DBCE153E0 /* CDVInAppBrowser.m */; };
		F42AE318EA0A4FC39FFDE5BE /* CDVStatusBar.m in Sources */ = {isa = PBXBuildFile; fileRef = B5B934D6758442FCA4507752 /* CDVStatusBar.m */; };
		90F6B7717D8F43C19BC4B805 /* Toast+UIView.m in Sources */ = {isa = PBXBuildFile; fileRef = 7E705D7DF4184A50B79F77FD /* Toast+UIView.m */; };
		1858C4D74E554EABA6058C2B /* Toast.m in Sources */ = {isa = PBXBuildFile; fileRef = 179B39B62DF544F2870CE41E /* Toast.m */; };
		3259A9F1FD4E4929BEF159EE /* QuartzCore.framework in Frameworks */ = {isa = PBXBuildFile; fileRef = 5F69C7931DA240F19420E96F /* QuartzCore.framework */; };
		97630AC652B94F13A16C3BE9 /* IonicConstant.m in Sources */ = {isa = PBXBuildFile; fileRef = 9E215C5ABDCE4F6FB0521C2D /* IonicConstant.m */; };
		5F7A29CA3C8A4BA4BD6EBF41 /* IonicDeploy.m in Sources */ = {isa = PBXBuildFile; fileRef = 32CD304CC6E24A5FBD5A042E /* IonicDeploy.m */; };
		5C64D033FE9F47FA9FA42032 /* Download.m in Sources */ = {isa = PBXBuildFile; fileRef = B4A2F05255054F7F83E23293 /* Download.m */; };
		63DF6C052C224596BDCA35E8 /* DownloadManager.m in Sources */ = {isa = PBXBuildFile; fileRef = 79422906AB2A45569278EB6E /* DownloadManager.m */; };
		82BA825FD177465496C71F1F /* SSZipArchive.m in Sources */ = {isa = PBXBuildFile; fileRef = 04435B6EF1A844EE8DE82572 /* SSZipArchive.m */; };
		9D228454F1084E9B80DE3161 /* ioapi.c in Resources */ = {isa = PBXBuildFile; fileRef = F3AF995C3773429A939D1980 /* ioapi.c */; };
		1485709EB5B648A6B4A2085E /* unzip.c in Resources */ = {isa = PBXBuildFile; fileRef = D611AEC47CF143B59CD7CADD /* unzip.c */; };
		E5D9FE7CB8F349B2B9938C6E /* zip.c in Resources */ = {isa = PBXBuildFile; fileRef = 562B57EB42B641BFBF96FB25 /* zip.c */; };
		51A80BF99EE44EADAE081095 /* adler32.c in Resources */ = {isa = PBXBuildFile; fileRef = C09AED1F5A214CF4BE8F7074 /* adler32.c */; };
		F494AD80EE5145CFAA702EF5 /* compress.c in Resources */ = {isa = PBXBuildFile; fileRef = 4C0AFFA8F91944639DBFBD03 /* compress.c */; };
		91E80071CD0E4BCEA2C90B25 /* crc32.c in Resources */ = {isa = PBXBuildFile; fileRef = CB112390B9F84E28BC391AA0 /* crc32.c */; };
		738E31BE07354AE695293E77 /* deflate.c in Resources */ = {isa = PBXBuildFile; fileRef = 6E5C8BA3F41946A48AF2B30F /* deflate.c */; };
		9252AEF134B246139F4FBC01 /* gzclose.c in Resources */ = {isa = PBXBuildFile; fileRef = 2617E540677E4463A588E806 /* gzclose.c */; };
		485DFC616227419D9E618C42 /* gzlib.c in Resources */ = {isa = PBXBuildFile; fileRef = 27AD89D003D94B2DB72AABE2 /* gzlib.c */; };
		306D559EE04842C9B350FD9D /* gzread.c in Resources */ = {isa = PBXBuildFile; fileRef = 4ABD6862EC2941919D6EDB51 /* gzread.c */; };
		F34A362C955B4173B69884F9 /* gzwrite.c in Resources */ = {isa = PBXBuildFile; fileRef = D211E025DD4144DF9CAA5F10 /* gzwrite.c */; };
		64D83FC749274F07A3EC36C0 /* infback.c in Resources */ = {isa = PBXBuildFile; fileRef = D1F03B9278194691B64C7B6C /* infback.c */; };
		0F0FDA08328643D0A57D9B93 /* inffast.c in Resources */ = {isa = PBXBuildFile; fileRef = B8667663274442F6800C1A8B /* inffast.c */; };
		F443D925E6B64750A6774E43 /* inflate.c in Resources */ = {isa = PBXBuildFile; fileRef = 773A12188F9F46ACA7AA7419 /* inflate.c */; };
		F3D36A02F49F4C13AB950C3F /* inftrees.c in Resources */ = {isa = PBXBuildFile; fileRef = B2D71FB76BD94F89AE2DC80E /* inftrees.c */; };
		E28E998C91844BBD9EB0B95B /* trees.c in Resources */ = {isa = PBXBuildFile; fileRef = A8E82D577BD84C6AB8524DFE /* trees.c */; };
		703E77487423420BAB56AC85 /* uncompr.c in Resources */ = {isa = PBXBuildFile; fileRef = D9FCA98BC6F246FBA364DDF2 /* uncompr.c */; };
		D70F74FDCFB045EB8428E714 /* zutil.c in Resources */ = {isa = PBXBuildFile; fileRef = 8F62C57D79BA4B41B6F5B5E1 /* zutil.c */; };
		DA6FC41C96EB4EBE8B2B8CDF /* Base64.m in Sources */ = {isa = PBXBuildFile; fileRef = 2E3CF511306648A3A71BE091 /* Base64.m */; };
		610FC1A011C94A9CA3FF4E64 /* UNIHTTPClientHelper.m in Sources */ = {isa = PBXBuildFile; fileRef = F05B9BB2BA1B4804B8E46E58 /* UNIHTTPClientHelper.m */; };
		77F794438B064E9CA203BD52 /* UNIHTTPRequest.m in Sources */ = {isa = PBXBuildFile; fileRef = 78315851EEB941FB908C301B /* UNIHTTPRequest.m */; };
		AE6AE2B6BD1047EF85C20DD8 /* UNIHTTPRequestWithBody.m in Sources */ = {isa = PBXBuildFile; fileRef = 0F04222D8DBE4DB58C9CE7E0 /* UNIHTTPRequestWithBody.m */; };
		214DFAD9D5D842ED99679DCD /* UNIRest.m in Sources */ = {isa = PBXBuildFile; fileRef = C65AC60B1BC04603A860801F /* UNIRest.m */; };
		5BA3E14B3CE041749B356599 /* UNIUrlConnection.m in Sources */ = {isa = PBXBuildFile; fileRef = 0D49A1F5FEE34CE78B7AD8F7 /* UNIUrlConnection.m */; };
		09605D9C42ED401197163352 /* UNIBaseRequest.m in Sources */ = {isa = PBXBuildFile; fileRef = 107DDD9C8817481AB07EA23F /* UNIBaseRequest.m */; };
		956BBF8861F34BC3B3920E1E /* UNIBodyRequest.m in Sources */ = {isa = PBXBuildFile; fileRef = 93ECFADA5F3D4E3FBB92AF6E /* UNIBodyRequest.m */; };
		C57D77F09D384D729BA980A5 /* UNISimpleRequest.m in Sources */ = {isa = PBXBuildFile; fileRef = 244E0148F6A54B8A96EB049F /* UNISimpleRequest.m */; };
		DE5F17118A8642AD87139BEF /* UNIHTTPBinaryResponse.m in Sources */ = {isa = PBXBuildFile; fileRef = A50C0B36C54A40FD9FDBA056 /* UNIHTTPBinaryResponse.m */; };
		599874EED4634EB393F32FFC /* UNIHTTPJsonResponse.m in Sources */ = {isa = PBXBuildFile; fileRef = F5E68153243747EC8527B771 /* UNIHTTPJsonResponse.m */; };
		FC2388EB7F3E484383C5EBD3 /* UNIHTTPResponse.m in Sources */ = {isa = PBXBuildFile; fileRef = E7E5CDD1CB8D43BAA9BD4BFB /* UNIHTTPResponse.m */; };
		CA7507B348F149708ADABA2A /* UNIHTTPStringResponse.m in Sources */ = {isa = PBXBuildFile; fileRef = F74D876B6B534B96AC863236 /* UNIHTTPStringResponse.m */; };
		10D80AF11CC24C0B8241C4C6 /* UNIJsonNode.m in Sources */ = {isa = PBXBuildFile; fileRef = 0B9B8181322D407F8DEAE2DC /* UNIJsonNode.m */; };
/* End PBXBuildFile section */

/* Begin PBXContainerItemProxy section */
		301BF534109A57CC0062928A /* PBXContainerItemProxy */ = {
			isa = PBXContainerItemProxy;
			containerPortal = 301BF52D109A57CC0062928A /* CordovaLib.xcodeproj */;
			proxyType = 2;
			remoteGlobalIDString = D2AAC07E0554694100DB518D;
			remoteInfo = CordovaLib;
		};
		301BF550109A68C00062928A /* PBXContainerItemProxy */ = {
			isa = PBXContainerItemProxy;
			containerPortal = 301BF52D109A57CC0062928A /* CordovaLib.xcodeproj */;
			proxyType = 1;
			remoteGlobalIDString = D2AAC07D0554694100DB518D;
			remoteInfo = CordovaLib;
		};
/* End PBXContainerItemProxy section */

/* Begin PBXFileReference section */
		1D3623240D0F684500981E51 /* AppDelegate.h */ = {isa = PBXFileReference; fileEncoding = 4; lastKnownFileType = sourcecode.c.h; path = AppDelegate.h; sourceTree = "<group>"; };
		1D3623250D0F684500981E51 /* AppDelegate.m */ = {isa = PBXFileReference; fileEncoding = 4; lastKnownFileType = sourcecode.c.objc; path = AppDelegate.m; sourceTree = "<group>"; };
		1D6058910D05DD3D006BFB54 /* 金银猫.app */ = {isa = PBXFileReference; explicitFileType = wrapper.application; includeInIndex = 0; path = "金银猫.app"; sourceTree = BUILT_PRODUCTS_DIR; };
		1F766FDD13BBADB100FB74C0 /* en */ = {isa = PBXFileReference; lastKnownFileType = text.plist.strings; name = en; path = Localizable.strings; sourceTree = "<group>"; };
		1F766FE013BBADB100FB74C0 /* es */ = {isa = PBXFileReference; lastKnownFileType = text.plist.strings; name = es; path = Localizable.strings; sourceTree = "<group>"; };
		288765FC0DF74451002DB57D /* CoreGraphics.framework */ = {isa = PBXFileReference; lastKnownFileType = wrapper.framework; name = CoreGraphics.framework; path = System/Library/Frameworks/CoreGraphics.framework; sourceTree = SDKROOT; };
		29B97316FDCFA39411CA2CEA /* main.m */ = {isa = PBXFileReference; fileEncoding = 4; lastKnownFileType = sourcecode.c.objc; path = main.m; sourceTree = "<group>"; };
		301BF52D109A57CC0062928A /* CordovaLib.xcodeproj */ = {isa = PBXFileReference; lastKnownFileType = "wrapper.pb-project"; name = CordovaLib.xcodeproj; path = CordovaLib/CordovaLib.xcodeproj; sourceTree = "<group>"; };
		301BF56E109A69640062928A /* www */ = {isa = PBXFileReference; lastKnownFileType = folder; path = www; sourceTree = SOURCE_ROOT; };
		302D95EE14D2391D003F00A1 /* MainViewController.h */ = {isa = PBXFileReference; fileEncoding = 4; lastKnownFileType = sourcecode.c.h; path = MainViewController.h; sourceTree = "<group>"; };
		302D95EF14D2391D003F00A1 /* MainViewController.m */ = {isa = PBXFileReference; fileEncoding = 4; lastKnownFileType = sourcecode.c.objc; path = MainViewController.m; sourceTree = "<group>"; };
		302D95F014D2391D003F00A1 /* MainViewController.xib */ = {isa = PBXFileReference; fileEncoding = 4; lastKnownFileType = file.xib; path = MainViewController.xib; sourceTree = "<group>"; };
		305D5FD0115AB8F900A74A75 /* MobileCoreServices.framework */ = {isa = PBXFileReference; lastKnownFileType = wrapper.framework; name = MobileCoreServices.framework; path = System/Library/Frameworks/MobileCoreServices.framework; sourceTree = SDKROOT; };
		3088BBB7154F3926009F9C59 /* Default-Landscape@2x~ipad.png */ = {isa = PBXFileReference; lastKnownFileType = image.png; path = "Default-Landscape@2x~ipad.png"; sourceTree = "<group>"; };
		3088BBB8154F3926009F9C59 /* Default-Landscape~ipad.png */ = {isa = PBXFileReference; lastKnownFileType = image.png; path = "Default-Landscape~ipad.png"; sourceTree = "<group>"; };
		3088BBB9154F3926009F9C59 /* Default-Portrait@2x~ipad.png */ = {isa = PBXFileReference; lastKnownFileType = image.png; path = "Default-Portrait@2x~ipad.png"; sourceTree = "<group>"; };
		3088BBBA154F3926009F9C59 /* Default-Portrait~ipad.png */ = {isa = PBXFileReference; lastKnownFileType = image.png; path = "Default-Portrait~ipad.png"; sourceTree = "<group>"; };
		3088BBBB154F3926009F9C59 /* Default@2x~iphone.png */ = {isa = PBXFileReference; lastKnownFileType = image.png; path = "Default@2x~iphone.png"; sourceTree = "<group>"; };
		3088BBBC154F3926009F9C59 /* Default~iphone.png */ = {isa = PBXFileReference; lastKnownFileType = image.png; path = "Default~iphone.png"; sourceTree = "<group>"; };
		308D052E1370CCF300D202BF /* icon-72.png */ = {isa = PBXFileReference; lastKnownFileType = image.png; path = "icon-72.png"; sourceTree = "<group>"; };
		308D052F1370CCF300D202BF /* icon.png */ = {isa = PBXFileReference; lastKnownFileType = image.png; path = icon.png; sourceTree = "<group>"; };
		308D05301370CCF300D202BF /* icon@2x.png */ = {isa = PBXFileReference; lastKnownFileType = image.png; path = "icon@2x.png"; sourceTree = "<group>"; };
		30B4F2FD19D5E07200D9F7D8 /* Default-667h.png */ = {isa = PBXFileReference; lastKnownFileType = image.png; path = "Default-667h.png"; sourceTree = "<group>"; };
		30B4F2FE19D5E07200D9F7D8 /* Default-736h.png */ = {isa = PBXFileReference; lastKnownFileType = image.png; path = "Default-736h.png"; sourceTree = "<group>"; };
		30B4F2FF19D5E07200D9F7D8 /* Default-Landscape-736h.png */ = {isa = PBXFileReference; lastKnownFileType = image.png; path = "Default-Landscape-736h.png"; sourceTree = "<group>"; };
		30C1856519D5FC0A00212699 /* icon-60@3x.png */ = {isa = PBXFileReference; lastKnownFileType = image.png; path = "icon-60@3x.png"; sourceTree = "<group>"; };
		30FC414816E50CA1004E6F35 /* icon-72@2x.png */ = {isa = PBXFileReference; lastKnownFileType = image.png; path = "icon-72@2x.png"; sourceTree = "<group>"; };
		32CA4F630368D1EE00C91783 /* 金银猫-Prefix.pch */ = {isa = PBXFileReference; fileEncoding = 4; lastKnownFileType = sourcecode.c.h; path = "金银猫-Prefix.pch"; sourceTree = "<group>"; };
		5B1594DC16A7569C00FEF299 /* AssetsLibrary.framework */ = {isa = PBXFileReference; lastKnownFileType = wrapper.framework; name = AssetsLibrary.framework; path = System/Library/Frameworks/AssetsLibrary.framework; sourceTree = SDKROOT; };
		7E7966D41810823500FA85AD /* icon-40.png */ = {isa = PBXFileReference; lastKnownFileType = image.png; path = "icon-40.png"; sourceTree = "<group>"; };
		7E7966D51810823500FA85AD /* icon-40@2x.png */ = {isa = PBXFileReference; lastKnownFileType = image.png; path = "icon-40@2x.png"; sourceTree = "<group>"; };
		7E7966D61810823500FA85AD /* icon-50.png */ = {isa = PBXFileReference; lastKnownFileType = image.png; path = "icon-50.png"; sourceTree = "<group>"; };
		7E7966D71810823500FA85AD /* icon-50@2x.png */ = {isa = PBXFileReference; lastKnownFileType = image.png; path = "icon-50@2x.png"; sourceTree = "<group>"; };
		7E7966D81810823500FA85AD /* icon-60.png */ = {isa = PBXFileReference; lastKnownFileType = image.png; path = "icon-60.png"; sourceTree = "<group>"; };
		7E7966D91810823500FA85AD /* icon-60@2x.png */ = {isa = PBXFileReference; lastKnownFileType = image.png; path = "icon-60@2x.png"; sourceTree = "<group>"; };
		7E7966DA1810823500FA85AD /* icon-76.png */ = {isa = PBXFileReference; lastKnownFileType = image.png; path = "icon-76.png"; sourceTree = "<group>"; };
		7E7966DB1810823500FA85AD /* icon-76@2x.png */ = {isa = PBXFileReference; lastKnownFileType = image.png; path = "icon-76@2x.png"; sourceTree = "<group>"; };
		7E7966DC1810823500FA85AD /* icon-small.png */ = {isa = PBXFileReference; lastKnownFileType = image.png; path = "icon-small.png"; sourceTree = "<group>"; };
		7E7966DD1810823500FA85AD /* icon-small@2x.png */ = {isa = PBXFileReference; lastKnownFileType = image.png; path = "icon-small@2x.png"; sourceTree = "<group>"; };
		8D1107310486CEB800E47090 /* 金银猫-Info.plist */ = {isa = PBXFileReference; fileEncoding = 4; lastKnownFileType = text.plist.xml; name = "金银猫-Info.plist"; path = "../金银猫-Info.plist"; plistStructureDefinitionIdentifier = "com.apple.xcode.plist.structure-definition.iphone.info-plist"; sourceTree = "<group>"; };
		D4A0D8751607E02300AEF8BB /* Default-568h@2x~iphone.png */ = {isa = PBXFileReference; lastKnownFileType = image.png; path = "Default-568h@2x~iphone.png"; sourceTree = "<group>"; };
		EB87FDF21871DA7A0020F90C /* merges */ = {isa = PBXFileReference; lastKnownFileType = folder; name = merges; path = ../../merges; sourceTree = "<group>"; };
		EB87FDF31871DA8E0020F90C /* www */ = {isa = PBXFileReference; lastKnownFileType = folder; name = www; path = ../../www; sourceTree = "<group>"; };
		EB87FDF41871DAF40020F90C /* config.xml */ = {isa = PBXFileReference; lastKnownFileType = text.xml; name = config.xml; path = ../../config.xml; sourceTree = "<group>"; };
		F840E1F0165FE0F500CFE078 /* config.xml */ = {isa = PBXFileReference; lastKnownFileType = text.xml; name = config.xml; path = "金银猫/config.xml"; sourceTree = "<group>"; };
		201DAB1D06D3460FBDBDE8D8 /* IonicKeyboard.m */ = {isa = PBXFileReference; lastKnownFileType = sourcecode.c.objc; name = "IonicKeyboard.m"; path = "com.ionic.keyboard/IonicKeyboard.m"; sourceTree = "<group>"; fileEncoding = 4; };
		91C3615FF4034603B1A96845 /* UIWebViewExtension.m */ = {isa = PBXFileReference; lastKnownFileType = sourcecode.c.objc; name = "UIWebViewExtension.m"; path = "com.ionic.keyboard/UIWebViewExtension.m"; sourceTree = "<group>"; fileEncoding = 4; };
		AA8EC33D09D6491D83946AE5 /* IonicKeyboard.h */ = {isa = PBXFileReference; lastKnownFileType = sourcecode.c.h; name = "IonicKeyboard.h"; path = "com.ionic.keyboard/IonicKeyboard.h"; sourceTree = "<group>"; fileEncoding = 4; };
		D1ACCD3481B14081A79CEA62 /* UIWebViewExtension.h */ = {isa = PBXFileReference; lastKnownFileType = sourcecode.c.h; name = "UIWebViewExtension.h"; path = "com.ionic.keyboard/UIWebViewExtension.h"; sourceTree = "<group>"; fileEncoding = 4; };
		BF479C3997B14E6DBCE153E0 /* CDVInAppBrowser.m */ = {isa = PBXFileReference; lastKnownFileType = sourcecode.c.objc; name = "CDVInAppBrowser.m"; path = "cordova-plugin-inappbrowser/CDVInAppBrowser.m"; sourceTree = "<group>"; fileEncoding = 4; };
		6AFC0A0120374E66B16DDAEB /* CDVInAppBrowser.h */ = {isa = PBXFileReference; lastKnownFileType = sourcecode.c.h; name = "CDVInAppBrowser.h"; path = "cordova-plugin-inappbrowser/CDVInAppBrowser.h"; sourceTree = "<group>"; fileEncoding = 4; };
		B5B934D6758442FCA4507752 /* CDVStatusBar.m */ = {isa = PBXFileReference; lastKnownFileType = sourcecode.c.objc; name = "CDVStatusBar.m"; path = "cordova-plugin-statusbar/CDVStatusBar.m"; sourceTree = "<group>"; fileEncoding = 4; };
		7D898E4A5FB941EBB1B43217 /* CDVStatusBar.h */ = {isa = PBXFileReference; lastKnownFileType = sourcecode.c.h; name = "CDVStatusBar.h"; path = "cordova-plugin-statusbar/CDVStatusBar.h"; sourceTree = "<group>"; fileEncoding = 4; };
		7E705D7DF4184A50B79F77FD /* Toast+UIView.m */ = {isa = PBXFileReference; lastKnownFileType = sourcecode.c.objc; name = "Toast+UIView.m"; path = "nl.x-services.plugins.toast/Toast+UIView.m"; sourceTree = "<group>"; fileEncoding = 4; };
		179B39B62DF544F2870CE41E /* Toast.m */ = {isa = PBXFileReference; lastKnownFileType = sourcecode.c.objc; name = "Toast.m"; path = "nl.x-services.plugins.toast/Toast.m"; sourceTree = "<group>"; fileEncoding = 4; };
		5511E745D86B4FDC8B99710E /* Toast+UIView.h */ = {isa = PBXFileReference; lastKnownFileType = sourcecode.c.h; name = "Toast+UIView.h"; path = "nl.x-services.plugins.toast/Toast+UIView.h"; sourceTree = "<group>"; fileEncoding = 4; };
		A207F483D6A0454280752679 /* Toast.h */ = {isa = PBXFileReference; lastKnownFileType = sourcecode.c.h; name = "Toast.h"; path = "nl.x-services.plugins.toast/Toast.h"; sourceTree = "<group>"; fileEncoding = 4; };
		5F69C7931DA240F19420E96F /* QuartzCore.framework */ = {isa = PBXFileReference; lastKnownFileType = wrapper.framework; name = "QuartzCore.framework"; path = "System/Library/Frameworks/QuartzCore.framework"; sourceTree = SDKROOT; fileEncoding = 4; };
		9E215C5ABDCE4F6FB0521C2D /* IonicConstant.m */ = {isa = PBXFileReference; lastKnownFileType = sourcecode.c.objc; name = "IonicConstant.m"; path = "com.ionic.deploy/IonicConstant.m"; sourceTree = "<group>"; fileEncoding = 4; };
		32CD304CC6E24A5FBD5A042E /* IonicDeploy.m */ = {isa = PBXFileReference; lastKnownFileType = sourcecode.c.objc; name = "IonicDeploy.m"; path = "com.ionic.deploy/IonicDeploy.m"; sourceTree = "<group>"; fileEncoding = 4; };
		B4A2F05255054F7F83E23293 /* Download.m */ = {isa = PBXFileReference; lastKnownFileType = sourcecode.c.objc; name = "Download.m"; path = "com.ionic.deploy/Download.m"; sourceTree = "<group>"; fileEncoding = 4; };
		79422906AB2A45569278EB6E /* DownloadManager.m */ = {isa = PBXFileReference; lastKnownFileType = sourcecode.c.objc; name = "DownloadManager.m"; path = "com.ionic.deploy/DownloadManager.m"; sourceTree = "<group>"; fileEncoding = 4; };
		04435B6EF1A844EE8DE82572 /* SSZipArchive.m */ = {isa = PBXFileReference; lastKnownFileType = sourcecode.c.objc; name = "SSZipArchive.m"; path = "com.ionic.deploy/SSZipArchive.m"; sourceTree = "<group>"; fileEncoding = 4; };
		F3AF995C3773429A939D1980 /* ioapi.c */ = {isa = PBXFileReference; lastKnownFileType = unknown; name = "ioapi.c"; path = "com.ionic.deploy/ioapi.c"; sourceTree = "<group>"; fileEncoding = 4; };
		D611AEC47CF143B59CD7CADD /* unzip.c */ = {isa = PBXFileReference; lastKnownFileType = unknown; name = "unzip.c"; path = "com.ionic.deploy/unzip.c"; sourceTree = "<group>"; fileEncoding = 4; };
		562B57EB42B641BFBF96FB25 /* zip.c */ = {isa = PBXFileReference; lastKnownFileType = unknown; name = "zip.c"; path = "com.ionic.deploy/zip.c"; sourceTree = "<group>"; fileEncoding = 4; };
		C09AED1F5A214CF4BE8F7074 /* adler32.c */ = {isa = PBXFileReference; lastKnownFileType = unknown; name = "adler32.c"; path = "com.ionic.deploy/adler32.c"; sourceTree = "<group>"; fileEncoding = 4; };
		4C0AFFA8F91944639DBFBD03 /* compress.c */ = {isa = PBXFileReference; lastKnownFileType = unknown; name = "compress.c"; path = "com.ionic.deploy/compress.c"; sourceTree = "<group>"; fileEncoding = 4; };
		CB112390B9F84E28BC391AA0 /* crc32.c */ = {isa = PBXFileReference; lastKnownFileType = unknown; name = "crc32.c"; path = "com.ionic.deploy/crc32.c"; sourceTree = "<group>"; fileEncoding = 4; };
		6E5C8BA3F41946A48AF2B30F /* deflate.c */ = {isa = PBXFileReference; lastKnownFileType = unknown; name = "deflate.c"; path = "com.ionic.deploy/deflate.c"; sourceTree = "<group>"; fileEncoding = 4; };
		2617E540677E4463A588E806 /* gzclose.c */ = {isa = PBXFileReference; lastKnownFileType = unknown; name = "gzclose.c"; path = "com.ionic.deploy/gzclose.c"; sourceTree = "<group>"; fileEncoding = 4; };
		27AD89D003D94B2DB72AABE2 /* gzlib.c */ = {isa = PBXFileReference; lastKnownFileType = unknown; name = "gzlib.c"; path = "com.ionic.deploy/gzlib.c"; sourceTree = "<group>"; fileEncoding = 4; };
		4ABD6862EC2941919D6EDB51 /* gzread.c */ = {isa = PBXFileReference; lastKnownFileType = unknown; name = "gzread.c"; path = "com.ionic.deploy/gzread.c"; sourceTree = "<group>"; fileEncoding = 4; };
		D211E025DD4144DF9CAA5F10 /* gzwrite.c */ = {isa = PBXFileReference; lastKnownFileType = unknown; name = "gzwrite.c"; path = "com.ionic.deploy/gzwrite.c"; sourceTree = "<group>"; fileEncoding = 4; };
		D1F03B9278194691B64C7B6C /* infback.c */ = {isa = PBXFileReference; lastKnownFileType = unknown; name = "infback.c"; path = "com.ionic.deploy/infback.c"; sourceTree = "<group>"; fileEncoding = 4; };
		B8667663274442F6800C1A8B /* inffast.c */ = {isa = PBXFileReference; lastKnownFileType = unknown; name = "inffast.c"; path = "com.ionic.deploy/inffast.c"; sourceTree = "<group>"; fileEncoding = 4; };
		773A12188F9F46ACA7AA7419 /* inflate.c */ = {isa = PBXFileReference; lastKnownFileType = unknown; name = "inflate.c"; path = "com.ionic.deploy/inflate.c"; sourceTree = "<group>"; fileEncoding = 4; };
		B2D71FB76BD94F89AE2DC80E /* inftrees.c */ = {isa = PBXFileReference; lastKnownFileType = unknown; name = "inftrees.c"; path = "com.ionic.deploy/inftrees.c"; sourceTree = "<group>"; fileEncoding = 4; };
		A8E82D577BD84C6AB8524DFE /* trees.c */ = {isa = PBXFileReference; lastKnownFileType = unknown; name = "trees.c"; path = "com.ionic.deploy/trees.c"; sourceTree = "<group>"; fileEncoding = 4; };
		D9FCA98BC6F246FBA364DDF2 /* uncompr.c */ = {isa = PBXFileReference; lastKnownFileType = unknown; name = "uncompr.c"; path = "com.ionic.deploy/uncompr.c"; sourceTree = "<group>"; fileEncoding = 4; };
		8F62C57D79BA4B41B6F5B5E1 /* zutil.c */ = {isa = PBXFileReference; lastKnownFileType = unknown; name = "zutil.c"; path = "com.ionic.deploy/zutil.c"; sourceTree = "<group>"; fileEncoding = 4; };
		2E3CF511306648A3A71BE091 /* Base64.m */ = {isa = PBXFileReference; lastKnownFileType = sourcecode.c.objc; name = "Base64.m"; path = "com.ionic.deploy/Base64.m"; sourceTree = "<group>"; fileEncoding = 4; };
		F05B9BB2BA1B4804B8E46E58 /* UNIHTTPClientHelper.m */ = {isa = PBXFileReference; lastKnownFileType = sourcecode.c.objc; name = "UNIHTTPClientHelper.m"; path = "com.ionic.deploy/UNIHTTPClientHelper.m"; sourceTree = "<group>"; fileEncoding = 4; };
		78315851EEB941FB908C301B /* UNIHTTPRequest.m */ = {isa = PBXFileReference; lastKnownFileType = sourcecode.c.objc; name = "UNIHTTPRequest.m"; path = "com.ionic.deploy/UNIHTTPRequest.m"; sourceTree = "<group>"; fileEncoding = 4; };
		0F04222D8DBE4DB58C9CE7E0 /* UNIHTTPRequestWithBody.m */ = {isa = PBXFileReference; lastKnownFileType = sourcecode.c.objc; name = "UNIHTTPRequestWithBody.m"; path = "com.ionic.deploy/UNIHTTPRequestWithBody.m"; sourceTree = "<group>"; fileEncoding = 4; };
		C65AC60B1BC04603A860801F /* UNIRest.m */ = {isa = PBXFileReference; lastKnownFileType = sourcecode.c.objc; name = "UNIRest.m"; path = "com.ionic.deploy/UNIRest.m"; sourceTree = "<group>"; fileEncoding = 4; };
		0D49A1F5FEE34CE78B7AD8F7 /* UNIUrlConnection.m */ = {isa = PBXFileReference; lastKnownFileType = sourcecode.c.objc; name = "UNIUrlConnection.m"; path = "com.ionic.deploy/UNIUrlConnection.m"; sourceTree = "<group>"; fileEncoding = 4; };
		107DDD9C8817481AB07EA23F /* UNIBaseRequest.m */ = {isa = PBXFileReference; lastKnownFileType = sourcecode.c.objc; name = "UNIBaseRequest.m"; path = "com.ionic.deploy/UNIBaseRequest.m"; sourceTree = "<group>"; fileEncoding = 4; };
		93ECFADA5F3D4E3FBB92AF6E /* UNIBodyRequest.m */ = {isa = PBXFileReference; lastKnownFileType = sourcecode.c.objc; name = "UNIBodyRequest.m"; path = "com.ionic.deploy/UNIBodyRequest.m"; sourceTree = "<group>"; fileEncoding = 4; };
		244E0148F6A54B8A96EB049F /* UNISimpleRequest.m */ = {isa = PBXFileReference; lastKnownFileType = sourcecode.c.objc; name = "UNISimpleRequest.m"; path = "com.ionic.deploy/UNISimpleRequest.m"; sourceTree = "<group>"; fileEncoding = 4; };
		A50C0B36C54A40FD9FDBA056 /* UNIHTTPBinaryResponse.m */ = {isa = PBXFileReference; lastKnownFileType = sourcecode.c.objc; name = "UNIHTTPBinaryResponse.m"; path = "com.ionic.deploy/UNIHTTPBinaryResponse.m"; sourceTree = "<group>"; fileEncoding = 4; };
		F5E68153243747EC8527B771 /* UNIHTTPJsonResponse.m */ = {isa = PBXFileReference; lastKnownFileType = sourcecode.c.objc; name = "UNIHTTPJsonResponse.m"; path = "com.ionic.deploy/UNIHTTPJsonResponse.m"; sourceTree = "<group>"; fileEncoding = 4; };
		E7E5CDD1CB8D43BAA9BD4BFB /* UNIHTTPResponse.m */ = {isa = PBXFileReference; lastKnownFileType = sourcecode.c.objc; name = "UNIHTTPResponse.m"; path = "com.ionic.deploy/UNIHTTPResponse.m"; sourceTree = "<group>"; fileEncoding = 4; };
		F74D876B6B534B96AC863236 /* UNIHTTPStringResponse.m */ = {isa = PBXFileReference; lastKnownFileType = sourcecode.c.objc; name = "UNIHTTPStringResponse.m"; path = "com.ionic.deploy/UNIHTTPStringResponse.m"; sourceTree = "<group>"; fileEncoding = 4; };
		0B9B8181322D407F8DEAE2DC /* UNIJsonNode.m */ = {isa = PBXFileReference; lastKnownFileType = sourcecode.c.objc; name = "UNIJsonNode.m"; path = "com.ionic.deploy/UNIJsonNode.m"; sourceTree = "<group>"; fileEncoding = 4; };
		21D4DF6C021F48C38188A657 /* IonicConstant.h */ = {isa = PBXFileReference; lastKnownFileType = sourcecode.c.h; name = "IonicConstant.h"; path = "com.ionic.deploy/IonicConstant.h"; sourceTree = "<group>"; fileEncoding = 4; };
		978115DF431B422498EB6DC9 /* IonicDeploy.h */ = {isa = PBXFileReference; lastKnownFileType = sourcecode.c.h; name = "IonicDeploy.h"; path = "com.ionic.deploy/IonicDeploy.h"; sourceTree = "<group>"; fileEncoding = 4; };
		434B1989E9B7482387342E3E /* Download.h */ = {isa = PBXFileReference; lastKnownFileType = sourcecode.c.h; name = "Download.h"; path = "com.ionic.deploy/Download.h"; sourceTree = "<group>"; fileEncoding = 4; };
		475B97A20D2C4163A5F912E5 /* DownloadManager.h */ = {isa = PBXFileReference; lastKnownFileType = sourcecode.c.h; name = "DownloadManager.h"; path = "com.ionic.deploy/DownloadManager.h"; sourceTree = "<group>"; fileEncoding = 4; };
		C3291725D97F465D900E4636 /* SSZipArchive.h */ = {isa = PBXFileReference; lastKnownFileType = sourcecode.c.h; name = "SSZipArchive.h"; path = "com.ionic.deploy/SSZipArchive.h"; sourceTree = "<group>"; fileEncoding = 4; };
		53487C124AA64B9E8F0E22B5 /* ARCHelper.h */ = {isa = PBXFileReference; lastKnownFileType = sourcecode.c.h; name = "ARCHelper.h"; path = "com.ionic.deploy/ARCHelper.h"; sourceTree = "<group>"; fileEncoding = 4; };
		232D7BB17A5849058717191E /* crypt.h */ = {isa = PBXFileReference; lastKnownFileType = sourcecode.c.h; name = "crypt.h"; path = "com.ionic.deploy/crypt.h"; sourceTree = "<group>"; fileEncoding = 4; };
		41A281798CD040DD8F06E263 /* ioapi.h */ = {isa = PBXFileReference; lastKnownFileType = sourcecode.c.h; name = "ioapi.h"; path = "com.ionic.deploy/ioapi.h"; sourceTree = "<group>"; fileEncoding = 4; };
		E3A3E5C5B3CC46409A9A2602 /* unzip.h */ = {isa = PBXFileReference; lastKnownFileType = sourcecode.c.h; name = "unzip.h"; path = "com.ionic.deploy/unzip.h"; sourceTree = "<group>"; fileEncoding = 4; };
		ACF2826A9BC6469288403ED8 /* zip.h */ = {isa = PBXFileReference; lastKnownFileType = sourcecode.c.h; name = "zip.h"; path = "com.ionic.deploy/zip.h"; sourceTree = "<group>"; fileEncoding = 4; };
		798D50098C2F4D52A564024E /* crc32.h */ = {isa = PBXFileReference; lastKnownFileType = sourcecode.c.h; name = "crc32.h"; path = "com.ionic.deploy/crc32.h"; sourceTree = "<group>"; fileEncoding = 4; };
		AD6915DDB925438A8719D7FB /* deflate.h */ = {isa = PBXFileReference; lastKnownFileType = sourcecode.c.h; name = "deflate.h"; path = "com.ionic.deploy/deflate.h"; sourceTree = "<group>"; fileEncoding = 4; };
		38246904CB39438D933629C7 /* gzguts.h */ = {isa = PBXFileReference; lastKnownFileType = sourcecode.c.h; name = "gzguts.h"; path = "com.ionic.deploy/gzguts.h"; sourceTree = "<group>"; fileEncoding = 4; };
		FABF32C324F640D3A50451E2 /* inffast.h */ = {isa = PBXFileReference; lastKnownFileType = sourcecode.c.h; name = "inffast.h"; path = "com.ionic.deploy/inffast.h"; sourceTree = "<group>"; fileEncoding = 4; };
		CF3BD9E471A143278699932C /* inffixed.h */ = {isa = PBXFileReference; lastKnownFileType = sourcecode.c.h; name = "inffixed.h"; path = "com.ionic.deploy/inffixed.h"; sourceTree = "<group>"; fileEncoding = 4; };
		C12DB7229D524101AFDDBD1B /* inflate.h */ = {isa = PBXFileReference; lastKnownFileType = sourcecode.c.h; name = "inflate.h"; path = "com.ionic.deploy/inflate.h"; sourceTree = "<group>"; fileEncoding = 4; };
		CE203A7A6C22442895C4778E /* inftrees.h */ = {isa = PBXFileReference; lastKnownFileType = sourcecode.c.h; name = "inftrees.h"; path = "com.ionic.deploy/inftrees.h"; sourceTree = "<group>"; fileEncoding = 4; };
		350F3FDE1D3345C5B294780F /* trees.h */ = {isa = PBXFileReference; lastKnownFileType = sourcecode.c.h; name = "trees.h"; path = "com.ionic.deploy/trees.h"; sourceTree = "<group>"; fileEncoding = 4; };
		E735B9B5F88D4249BA7C0EAA /* zconf.h */ = {isa = PBXFileReference; lastKnownFileType = sourcecode.c.h; name = "zconf.h"; path = "com.ionic.deploy/zconf.h"; sourceTree = "<group>"; fileEncoding = 4; };
		530D0CEF4A7F4A69BAB4BAB0 /* zlib.h */ = {isa = PBXFileReference; lastKnownFileType = sourcecode.c.h; name = "zlib.h"; path = "com.ionic.deploy/zlib.h"; sourceTree = "<group>"; fileEncoding = 4; };
		7B50ACC110A9451DB9C2198D /* zutil.h */ = {isa = PBXFileReference; lastKnownFileType = sourcecode.c.h; name = "zutil.h"; path = "com.ionic.deploy/zutil.h"; sourceTree = "<group>"; fileEncoding = 4; };
		FA691CFF63C64D27A74550F2 /* Base64.h */ = {isa = PBXFileReference; lastKnownFileType = sourcecode.c.h; name = "Base64.h"; path = "com.ionic.deploy/Base64.h"; sourceTree = "<group>"; fileEncoding = 4; };
		5B194FC6380548ABA0975038 /* UNIHTTPClientHelper.h */ = {isa = PBXFileReference; lastKnownFileType = sourcecode.c.h; name = "UNIHTTPClientHelper.h"; path = "com.ionic.deploy/UNIHTTPClientHelper.h"; sourceTree = "<group>"; fileEncoding = 4; };
		42C93336A73F4D6B98CB6595 /* UNIHTTPRequest.h */ = {isa = PBXFileReference; lastKnownFileType = sourcecode.c.h; name = "UNIHTTPRequest.h"; path = "com.ionic.deploy/UNIHTTPRequest.h"; sourceTree = "<group>"; fileEncoding = 4; };
		E247F20E059B4EDF851A5FA8 /* UNIHTTPRequestWithBody.h */ = {isa = PBXFileReference; lastKnownFileType = sourcecode.c.h; name = "UNIHTTPRequestWithBody.h"; path = "com.ionic.deploy/UNIHTTPRequestWithBody.h"; sourceTree = "<group>"; fileEncoding = 4; };
		5E58E9C51C8F44D3BC957AA4 /* Unirest-Prefix.pch */ = {isa = PBXFileReference; lastKnownFileType = unknown; name = "Unirest-Prefix.pch"; path = "com.ionic.deploy/Unirest-Prefix.pch"; sourceTree = "<group>"; fileEncoding = 4; };
		5226F335EB7E4A668D648042 /* UNIRest.h */ = {isa = PBXFileReference; lastKnownFileType = sourcecode.c.h; name = "UNIRest.h"; path = "com.ionic.deploy/UNIRest.h"; sourceTree = "<group>"; fileEncoding = 4; };
		BADCFD4717BB4272A939E8AD /* UNIUrlConnection.h */ = {isa = PBXFileReference; lastKnownFileType = sourcecode.c.h; name = "UNIUrlConnection.h"; path = "com.ionic.deploy/UNIUrlConnection.h"; sourceTree = "<group>"; fileEncoding = 4; };
		3352DEBEFF66410CBC363E58 /* UNIBaseRequest.h */ = {isa = PBXFileReference; lastKnownFileType = sourcecode.c.h; name = "UNIBaseRequest.h"; path = "com.ionic.deploy/UNIBaseRequest.h"; sourceTree = "<group>"; fileEncoding = 4; };
		BA249B7506624653BF904B24 /* UNIBodyRequest.h */ = {isa = PBXFileReference; lastKnownFileType = sourcecode.c.h; name = "UNIBodyRequest.h"; path = "com.ionic.deploy/UNIBodyRequest.h"; sourceTree = "<group>"; fileEncoding = 4; };
		BF98984A2D6B4B1E9F6DE4ED /* UNISimpleRequest.h */ = {isa = PBXFileReference; lastKnownFileType = sourcecode.c.h; name = "UNISimpleRequest.h"; path = "com.ionic.deploy/UNISimpleRequest.h"; sourceTree = "<group>"; fileEncoding = 4; };
		03F2C259155442B8930EB1B5 /* UNIHTTPBinaryResponse.h */ = {isa = PBXFileReference; lastKnownFileType = sourcecode.c.h; name = "UNIHTTPBinaryResponse.h"; path = "com.ionic.deploy/UNIHTTPBinaryResponse.h"; sourceTree = "<group>"; fileEncoding = 4; };
		E28CB93B5921427E9103679D /* UNIHTTPJsonResponse.h */ = {isa = PBXFileReference; lastKnownFileType = sourcecode.c.h; name = "UNIHTTPJsonResponse.h"; path = "com.ionic.deploy/UNIHTTPJsonResponse.h"; sourceTree = "<group>"; fileEncoding = 4; };
		BC2D3FFFD5CE4A6B97516180 /* UNIHTTPResponse.h */ = {isa = PBXFileReference; lastKnownFileType = sourcecode.c.h; name = "UNIHTTPResponse.h"; path = "com.ionic.deploy/UNIHTTPResponse.h"; sourceTree = "<group>"; fileEncoding = 4; };
		B38D0C36DB8F42C0BF156AA8 /* UNIHTTPStringResponse.h */ = {isa = PBXFileReference; lastKnownFileType = sourcecode.c.h; name = "UNIHTTPStringResponse.h"; path = "com.ionic.deploy/UNIHTTPStringResponse.h"; sourceTree = "<group>"; fileEncoding = 4; };
		4DE5E7C1460A430FBBBDB4DB /* UNIJsonNode.h */ = {isa = PBXFileReference; lastKnownFileType = sourcecode.c.h; name = "UNIJsonNode.h"; path = "com.ionic.deploy/UNIJsonNode.h"; sourceTree = "<group>"; fileEncoding = 4; };
/* End PBXFileReference section */

/* Begin PBXFrameworksBuildPhase section */
		1D60588F0D05DD3D006BFB54 /* Frameworks */ = {
			isa = PBXFrameworksBuildPhase;
			buildActionMask = 2147483647;
			files = (
				5B1594DD16A7569C00FEF299 /* AssetsLibrary.framework in Frameworks */,
				301BF552109A68D80062928A /* libCordova.a in Frameworks */,
				288765FD0DF74451002DB57D /* CoreGraphics.framework in Frameworks */,
				305D5FD1115AB8F900A74A75 /* MobileCoreServices.framework in Frameworks */,
				3259A9F1FD4E4929BEF159EE /* QuartzCore.framework in Frameworks */,
			);
			runOnlyForDeploymentPostprocessing = 0;
		};
/* End PBXFrameworksBuildPhase section */

/* Begin PBXGroup section */
		080E96DDFE201D6D7F000001 /* Classes */ = {
			isa = PBXGroup;
			children = (
				302D95EE14D2391D003F00A1 /* MainViewController.h */,
				302D95EF14D2391D003F00A1 /* MainViewController.m */,
				302D95F014D2391D003F00A1 /* MainViewController.xib */,
				1D3623240D0F684500981E51 /* AppDelegate.h */,
				1D3623250D0F684500981E51 /* AppDelegate.m */,
			);
			name = Classes;
			path = "金银猫/Classes";
			sourceTree = SOURCE_ROOT;
		};
		19C28FACFE9D520D11CA2CBB /* Products */ = {
			isa = PBXGroup;
			children = (
				1D6058910D05DD3D006BFB54 /* 金银猫.app */,
			);
			name = Products;
			sourceTree = "<group>";
		};
		29B97314FDCFA39411CA2CEA /* CustomTemplate */ = {
			isa = PBXGroup;
			children = (
				EB87FDF41871DAF40020F90C /* config.xml */,
				EB87FDF31871DA8E0020F90C /* www */,
				EB87FDF21871DA7A0020F90C /* merges */,
				EB87FDF11871DA420020F90C /* Staging */,
				301BF52D109A57CC0062928A /* CordovaLib.xcodeproj */,
				080E96DDFE201D6D7F000001 /* Classes */,
				307C750510C5A3420062BCA9 /* Plugins */,
				29B97315FDCFA39411CA2CEA /* Other Sources */,
				29B97317FDCFA39411CA2CEA /* Resources */,
				29B97323FDCFA39411CA2CEA /* Frameworks */,
				19C28FACFE9D520D11CA2CBB /* Products */,
			);
			name = CustomTemplate;
			sourceTree = "<group>";
		};
		29B97315FDCFA39411CA2CEA /* Other Sources */ = {
			isa = PBXGroup;
			children = (
				32CA4F630368D1EE00C91783 /* 金银猫-Prefix.pch */,
				29B97316FDCFA39411CA2CEA /* main.m */,
			);
			name = "Other Sources";
			path = "金银猫";
			sourceTree = "<group>";
		};
		29B97317FDCFA39411CA2CEA /* Resources */ = {
			isa = PBXGroup;
			children = (
				308D052D1370CCF300D202BF /* icons */,
				308D05311370CCF300D202BF /* splash */,
				8D1107310486CEB800E47090 /* 金银猫-Info.plist */,
			);
			name = Resources;
			path = "金银猫/Resources";
			sourceTree = "<group>";
		};
		29B97323FDCFA39411CA2CEA /* Frameworks */ = {
			isa = PBXGroup;
			children = (
				5B1594DC16A7569C00FEF299 /* AssetsLibrary.framework */,
				288765FC0DF74451002DB57D /* CoreGraphics.framework */,
				305D5FD0115AB8F900A74A75 /* MobileCoreServices.framework */,
				5F69C7931DA240F19420E96F /* QuartzCore.framework */,
			);
			name = Frameworks;
			sourceTree = "<group>";
		};
		301BF52E109A57CC0062928A /* Products */ = {
			isa = PBXGroup;
			children = (
				301BF535109A57CC0062928A /* libCordova.a */,
			);
			name = Products;
			sourceTree = "<group>";
		};
		307C750510C5A3420062BCA9 /* Plugins */ = {
			isa = PBXGroup;
			children = (
				201DAB1D06D3460FBDBDE8D8 /* IonicKeyboard.m */,
				91C3615FF4034603B1A96845 /* UIWebViewExtension.m */,
				AA8EC33D09D6491D83946AE5 /* IonicKeyboard.h */,
				D1ACCD3481B14081A79CEA62 /* UIWebViewExtension.h */,
				BF479C3997B14E6DBCE153E0 /* CDVInAppBrowser.m */,
				6AFC0A0120374E66B16DDAEB /* CDVInAppBrowser.h */,
				B5B934D6758442FCA4507752 /* CDVStatusBar.m */,
				7D898E4A5FB941EBB1B43217 /* CDVStatusBar.h */,
				7E705D7DF4184A50B79F77FD /* Toast+UIView.m */,
				179B39B62DF544F2870CE41E /* Toast.m */,
				5511E745D86B4FDC8B99710E /* Toast+UIView.h */,
				A207F483D6A0454280752679 /* Toast.h */,
				9E215C5ABDCE4F6FB0521C2D /* IonicConstant.m */,
				32CD304CC6E24A5FBD5A042E /* IonicDeploy.m */,
				B4A2F05255054F7F83E23293 /* Download.m */,
				79422906AB2A45569278EB6E /* DownloadManager.m */,
				04435B6EF1A844EE8DE82572 /* SSZipArchive.m */,
				F3AF995C3773429A939D1980 /* ioapi.c */,
				D611AEC47CF143B59CD7CADD /* unzip.c */,
				562B57EB42B641BFBF96FB25 /* zip.c */,
				C09AED1F5A214CF4BE8F7074 /* adler32.c */,
				4C0AFFA8F91944639DBFBD03 /* compress.c */,
				CB112390B9F84E28BC391AA0 /* crc32.c */,
				6E5C8BA3F41946A48AF2B30F /* deflate.c */,
				2617E540677E4463A588E806 /* gzclose.c */,
				27AD89D003D94B2DB72AABE2 /* gzlib.c */,
				4ABD6862EC2941919D6EDB51 /* gzread.c */,
				D211E025DD4144DF9CAA5F10 /* gzwrite.c */,
				D1F03B9278194691B64C7B6C /* infback.c */,
				B8667663274442F6800C1A8B /* inffast.c */,
				773A12188F9F46ACA7AA7419 /* inflate.c */,
				B2D71FB76BD94F89AE2DC80E /* inftrees.c */,
				A8E82D577BD84C6AB8524DFE /* trees.c */,
				D9FCA98BC6F246FBA364DDF2 /* uncompr.c */,
				8F62C57D79BA4B41B6F5B5E1 /* zutil.c */,
				2E3CF511306648A3A71BE091 /* Base64.m */,
				F05B9BB2BA1B4804B8E46E58 /* UNIHTTPClientHelper.m */,
				78315851EEB941FB908C301B /* UNIHTTPRequest.m */,
				0F04222D8DBE4DB58C9CE7E0 /* UNIHTTPRequestWithBody.m */,
				C65AC60B1BC04603A860801F /* UNIRest.m */,
				0D49A1F5FEE34CE78B7AD8F7 /* UNIUrlConnection.m */,
				107DDD9C8817481AB07EA23F /* UNIBaseRequest.m */,
				93ECFADA5F3D4E3FBB92AF6E /* UNIBodyRequest.m */,
				244E0148F6A54B8A96EB049F /* UNISimpleRequest.m */,
				A50C0B36C54A40FD9FDBA056 /* UNIHTTPBinaryResponse.m */,
				F5E68153243747EC8527B771 /* UNIHTTPJsonResponse.m */,
				E7E5CDD1CB8D43BAA9BD4BFB /* UNIHTTPResponse.m */,
				F74D876B6B534B96AC863236 /* UNIHTTPStringResponse.m */,
				0B9B8181322D407F8DEAE2DC /* UNIJsonNode.m */,
				21D4DF6C021F48C38188A657 /* IonicConstant.h */,
				978115DF431B422498EB6DC9 /* IonicDeploy.h */,
				434B1989E9B7482387342E3E /* Download.h */,
				475B97A20D2C4163A5F912E5 /* DownloadManager.h */,
				C3291725D97F465D900E4636 /* SSZipArchive.h */,
				53487C124AA64B9E8F0E22B5 /* ARCHelper.h */,
				232D7BB17A5849058717191E /* crypt.h */,
				41A281798CD040DD8F06E263 /* ioapi.h */,
				E3A3E5C5B3CC46409A9A2602 /* unzip.h */,
				ACF2826A9BC6469288403ED8 /* zip.h */,
				798D50098C2F4D52A564024E /* crc32.h */,
				AD6915DDB925438A8719D7FB /* deflate.h */,
				38246904CB39438D933629C7 /* gzguts.h */,
				FABF32C324F640D3A50451E2 /* inffast.h */,
				CF3BD9E471A143278699932C /* inffixed.h */,
				C12DB7229D524101AFDDBD1B /* inflate.h */,
				CE203A7A6C22442895C4778E /* inftrees.h */,
				350F3FDE1D3345C5B294780F /* trees.h */,
				E735B9B5F88D4249BA7C0EAA /* zconf.h */,
				530D0CEF4A7F4A69BAB4BAB0 /* zlib.h */,
				7B50ACC110A9451DB9C2198D /* zutil.h */,
				FA691CFF63C64D27A74550F2 /* Base64.h */,
				5B194FC6380548ABA0975038 /* UNIHTTPClientHelper.h */,
				42C93336A73F4D6B98CB6595 /* UNIHTTPRequest.h */,
				E247F20E059B4EDF851A5FA8 /* UNIHTTPRequestWithBody.h */,
				5E58E9C51C8F44D3BC957AA4 /* Unirest-Prefix.pch */,
				5226F335EB7E4A668D648042 /* UNIRest.h */,
				BADCFD4717BB4272A939E8AD /* UNIUrlConnection.h */,
				3352DEBEFF66410CBC363E58 /* UNIBaseRequest.h */,
				BA249B7506624653BF904B24 /* UNIBodyRequest.h */,
				BF98984A2D6B4B1E9F6DE4ED /* UNISimpleRequest.h */,
				03F2C259155442B8930EB1B5 /* UNIHTTPBinaryResponse.h */,
				E28CB93B5921427E9103679D /* UNIHTTPJsonResponse.h */,
				BC2D3FFFD5CE4A6B97516180 /* UNIHTTPResponse.h */,
				B38D0C36DB8F42C0BF156AA8 /* UNIHTTPStringResponse.h */,
				4DE5E7C1460A430FBBBDB4DB /* UNIJsonNode.h */,
			);
			name = Plugins;
			path = "金银猫/Plugins";
			sourceTree = SOURCE_ROOT;
		};
		308D052D1370CCF300D202BF /* icons */ = {
			isa = PBXGroup;
			children = (
				30C1856519D5FC0A00212699 /* icon-60@3x.png */,
				7E7966D41810823500FA85AD /* icon-40.png */,
				7E7966D51810823500FA85AD /* icon-40@2x.png */,
				7E7966D61810823500FA85AD /* icon-50.png */,
				7E7966D71810823500FA85AD /* icon-50@2x.png */,
				7E7966D81810823500FA85AD /* icon-60.png */,
				7E7966D91810823500FA85AD /* icon-60@2x.png */,
				7E7966DA1810823500FA85AD /* icon-76.png */,
				7E7966DB1810823500FA85AD /* icon-76@2x.png */,
				7E7966DC1810823500FA85AD /* icon-small.png */,
				7E7966DD1810823500FA85AD /* icon-small@2x.png */,
				30FC414816E50CA1004E6F35 /* icon-72@2x.png */,
				308D052E1370CCF300D202BF /* icon-72.png */,
				308D052F1370CCF300D202BF /* icon.png */,
				308D05301370CCF300D202BF /* icon@2x.png */,
			);
			path = icons;
			sourceTree = "<group>";
		};
		308D05311370CCF300D202BF /* splash */ = {
			isa = PBXGroup;
			children = (
				30B4F2FD19D5E07200D9F7D8 /* Default-667h.png */,
				30B4F2FE19D5E07200D9F7D8 /* Default-736h.png */,
				30B4F2FF19D5E07200D9F7D8 /* Default-Landscape-736h.png */,
				D4A0D8751607E02300AEF8BB /* Default-568h@2x~iphone.png */,
				3088BBB7154F3926009F9C59 /* Default-Landscape@2x~ipad.png */,
				3088BBB8154F3926009F9C59 /* Default-Landscape~ipad.png */,
				3088BBB9154F3926009F9C59 /* Default-Portrait@2x~ipad.png */,
				3088BBBA154F3926009F9C59 /* Default-Portrait~ipad.png */,
				3088BBBB154F3926009F9C59 /* Default@2x~iphone.png */,
				3088BBBC154F3926009F9C59 /* Default~iphone.png */,
			);
			path = splash;
			sourceTree = "<group>";
		};
		EB87FDF11871DA420020F90C /* Staging */ = {
			isa = PBXGroup;
			children = (
				F840E1F0165FE0F500CFE078 /* config.xml */,
				301BF56E109A69640062928A /* www */,
			);
			name = Staging;
			sourceTree = "<group>";
		};
/* End PBXGroup section */

/* Begin PBXNativeTarget section */
		1D6058900D05DD3D006BFB54 /* 金银猫 */ = {
			isa = PBXNativeTarget;
			buildConfigurationList = 1D6058960D05DD3E006BFB54 /* Build configuration list for PBXNativeTarget "金银猫" */;
			buildPhases = (
				304B58A110DAC018002A0835 /* Copy www directory */,
				1D60588D0D05DD3D006BFB54 /* Resources */,
				1D60588E0D05DD3D006BFB54 /* Sources */,
				1D60588F0D05DD3D006BFB54 /* Frameworks */,
			);
			buildRules = (
			);
			dependencies = (
				301BF551109A68C00062928A /* PBXTargetDependency */,
			);
			name = "金银猫";
			productName = "金银猫";
			productReference = 1D6058910D05DD3D006BFB54 /* 金银猫.app */;
			productType = "com.apple.product-type.application";
		};
/* End PBXNativeTarget section */

/* Begin PBXProject section */
		29B97313FDCFA39411CA2CEA /* Project object */ = {
			isa = PBXProject;
			attributes = {
				LastUpgradeCheck = 510;
			};
			buildConfigurationList = C01FCF4E08A954540054247B /* Build configuration list for PBXProject "__CLI__" */;
			compatibilityVersion = "Xcode 3.2";
			developmentRegion = English;
			hasScannedForEncodings = 1;
			knownRegions = (
				English,
				Japanese,
				French,
				German,
				en,
				es,
				de,
				se,
			);
			mainGroup = 29B97314FDCFA39411CA2CEA /* CustomTemplate */;
			projectDirPath = "";
			projectReferences = (
				{
					ProductGroup = 301BF52E109A57CC0062928A /* Products */;
					ProjectRef = 301BF52D109A57CC0062928A /* CordovaLib.xcodeproj */;
				},
			);
			projectRoot = "";
			targets = (
				1D6058900D05DD3D006BFB54 /* 金银猫 */,
			);
		};
/* End PBXProject section */

/* Begin PBXReferenceProxy section */
		301BF535109A57CC0062928A /* libCordova.a */ = {
			isa = PBXReferenceProxy;
			fileType = archive.ar;
			path = libCordova.a;
			remoteRef = 301BF534109A57CC0062928A /* PBXContainerItemProxy */;
			sourceTree = BUILT_PRODUCTS_DIR;
		};
/* End PBXReferenceProxy section */

/* Begin PBXResourcesBuildPhase section */
		1D60588D0D05DD3D006BFB54 /* Resources */ = {
			isa = PBXResourcesBuildPhase;
			buildActionMask = 2147483647;
			files = (
				7E7966E41810823500FA85AD /* icon-76.png in Resources */,
				7E7966DF1810823500FA85AD /* icon-40@2x.png in Resources */,
				308D05371370CCF300D202BF /* icon-72.png in Resources */,
				30B4F30119D5E07200D9F7D8 /* Default-736h.png in Resources */,
				308D05381370CCF300D202BF /* icon.png in Resources */,
				308D05391370CCF300D202BF /* icon@2x.png in Resources */,
				302D95F214D2391D003F00A1 /* MainViewController.xib in Resources */,
				7E7966E01810823500FA85AD /* icon-50.png in Resources */,
				7E7966E31810823500FA85AD /* icon-60@2x.png in Resources */,
				7E7966E61810823500FA85AD /* icon-small.png in Resources */,
				3088BBBD154F3926009F9C59 /* Default-Landscape@2x~ipad.png in Resources */,
				3088BBBE154F3926009F9C59 /* Default-Landscape~ipad.png in Resources */,
				3088BBBF154F3926009F9C59 /* Default-Portrait@2x~ipad.png in Resources */,
				7E7966E71810823500FA85AD /* icon-small@2x.png in Resources */,
				3088BBC0154F3926009F9C59 /* Default-Portrait~ipad.png in Resources */,
				30B4F30019D5E07200D9F7D8 /* Default-667h.png in Resources */,
				7E7966DE1810823500FA85AD /* icon-40.png in Resources */,
				3088BBC1154F3926009F9C59 /* Default@2x~iphone.png in Resources */,
				7E7966E21810823500FA85AD /* icon-60.png in Resources */,
				3088BBC2154F3926009F9C59 /* Default~iphone.png in Resources */,
				D4A0D8761607E02300AEF8BB /* Default-568h@2x~iphone.png in Resources */,
				30B4F30219D5E07200D9F7D8 /* Default-Landscape-736h.png in Resources */,
				30C1856619D5FC0A00212699 /* icon-60@3x.png in Resources */,
				7E7966E11810823500FA85AD /* icon-50@2x.png in Resources */,
				7E7966E51810823500FA85AD /* icon-76@2x.png in Resources */,
				30FC414916E50CA1004E6F35 /* icon-72@2x.png in Resources */,
			);
			runOnlyForDeploymentPostprocessing = 0;
		};
/* End PBXResourcesBuildPhase section */

/* Begin PBXShellScriptBuildPhase section */
		304B58A110DAC018002A0835 /* Copy www directory */ = {
			isa = PBXShellScriptBuildPhase;
			buildActionMask = 2147483647;
			files = (
			);
			inputPaths = (
			);
			name = "Copy www directory";
			outputPaths = (
			);
			runOnlyForDeploymentPostprocessing = 0;
			shellPath = /bin/sh;
			shellScript = "cordova/lib/copy-www-build-step.sh";
			showEnvVarsInLog = 0;
		};
/* End PBXShellScriptBuildPhase section */

/* Begin PBXSourcesBuildPhase section */
		1D60588E0D05DD3D006BFB54 /* Sources */ = {
			isa = PBXSourcesBuildPhase;
			buildActionMask = 2147483647;
			files = (
				1D60589B0D05DD56006BFB54 /* main.m in Sources */,
				1D3623260D0F684500981E51 /* AppDelegate.m in Sources */,
				302D95F114D2391D003F00A1 /* MainViewController.m in Sources */,
				66F34166645B4BEF9692D2D9 /* IonicKeyboard.m in Sources */,
				1C221423A8DC44718AB6F9E1 /* UIWebViewExtension.m in Sources */,
				6006869FEFF94D529D45E6D6 /* CDVInAppBrowser.m in Sources */,
				F42AE318EA0A4FC39FFDE5BE /* CDVStatusBar.m in Sources */,
				90F6B7717D8F43C19BC4B805 /* Toast+UIView.m in Sources */,
				1858C4D74E554EABA6058C2B /* Toast.m in Sources */,
				97630AC652B94F13A16C3BE9 /* IonicConstant.m in Sources */,
				5F7A29CA3C8A4BA4BD6EBF41 /* IonicDeploy.m in Sources */,
				5C64D033FE9F47FA9FA42032 /* Download.m in Sources */,
				63DF6C052C224596BDCA35E8 /* DownloadManager.m in Sources */,
				82BA825FD177465496C71F1F /* SSZipArchive.m in Sources */,
				9D228454F1084E9B80DE3161 /* ioapi.c in Resources */,
				1485709EB5B648A6B4A2085E /* unzip.c in Resources */,
				E5D9FE7CB8F349B2B9938C6E /* zip.c in Resources */,
				51A80BF99EE44EADAE081095 /* adler32.c in Resources */,
				F494AD80EE5145CFAA702EF5 /* compress.c in Resources */,
				91E80071CD0E4BCEA2C90B25 /* crc32.c in Resources */,
				738E31BE07354AE695293E77 /* deflate.c in Resources */,
				9252AEF134B246139F4FBC01 /* gzclose.c in Resources */,
				485DFC616227419D9E618C42 /* gzlib.c in Resources */,
				306D559EE04842C9B350FD9D /* gzread.c in Resources */,
				F34A362C955B4173B69884F9 /* gzwrite.c in Resources */,
				64D83FC749274F07A3EC36C0 /* infback.c in Resources */,
				0F0FDA08328643D0A57D9B93 /* inffast.c in Resources */,
				F443D925E6B64750A6774E43 /* inflate.c in Resources */,
				F3D36A02F49F4C13AB950C3F /* inftrees.c in Resources */,
				E28E998C91844BBD9EB0B95B /* trees.c in Resources */,
				703E77487423420BAB56AC85 /* uncompr.c in Resources */,
				D70F74FDCFB045EB8428E714 /* zutil.c in Resources */,
				DA6FC41C96EB4EBE8B2B8CDF /* Base64.m in Sources */,
				610FC1A011C94A9CA3FF4E64 /* UNIHTTPClientHelper.m in Sources */,
				77F794438B064E9CA203BD52 /* UNIHTTPRequest.m in Sources */,
				AE6AE2B6BD1047EF85C20DD8 /* UNIHTTPRequestWithBody.m in Sources */,
				214DFAD9D5D842ED99679DCD /* UNIRest.m in Sources */,
				5BA3E14B3CE041749B356599 /* UNIUrlConnection.m in Sources */,
				09605D9C42ED401197163352 /* UNIBaseRequest.m in Sources */,
				956BBF8861F34BC3B3920E1E /* UNIBodyRequest.m in Sources */,
				C57D77F09D384D729BA980A5 /* UNISimpleRequest.m in Sources */,
				DE5F17118A8642AD87139BEF /* UNIHTTPBinaryResponse.m in Sources */,
				599874EED4634EB393F32FFC /* UNIHTTPJsonResponse.m in Sources */,
				FC2388EB7F3E484383C5EBD3 /* UNIHTTPResponse.m in Sources */,
				CA7507B348F149708ADABA2A /* UNIHTTPStringResponse.m in Sources */,
				10D80AF11CC24C0B8241C4C6 /* UNIJsonNode.m in Sources */,
			);
			runOnlyForDeploymentPostprocessing = 0;
		};
/* End PBXSourcesBuildPhase section */

/* Begin PBXTargetDependency section */
		301BF551109A68C00062928A /* PBXTargetDependency */ = {
			isa = PBXTargetDependency;
			name = CordovaLib;
			targetProxy = 301BF550109A68C00062928A /* PBXContainerItemProxy */;
		};
/* End PBXTargetDependency section */

/* Begin XCBuildConfiguration section */
		1D6058940D05DD3E006BFB54 /* Debug */ = {
			isa = XCBuildConfiguration;
			buildSettings = {
				ALWAYS_SEARCH_USER_PATHS = NO;
				CLANG_ENABLE_OBJC_ARC = YES;
				COPY_PHASE_STRIP = NO;
				GCC_DYNAMIC_NO_PIC = NO;
				GCC_OPTIMIZATION_LEVEL = 0;
				GCC_PRECOMPILE_PREFIX_HEADER = YES;
				GCC_PREFIX_HEADER = "金银猫/金银猫-Prefix.pch";
				GCC_THUMB_SUPPORT = NO;
				GCC_VERSION = "";
				INFOPLIST_FILE = "金银猫/金银猫-Info.plist";
				IPHONEOS_DEPLOYMENT_TARGET = 6.0;
				OTHER_LDFLAGS = (
					"-weak_framework",
					CoreFoundation,
					"-weak_framework",
					UIKit,
					"-weak_framework",
					AVFoundation,
					"-weak_framework",
					CoreMedia,
					"-weak-lSystem",
					"-ObjC",
				);
				PRODUCT_NAME = "金银猫";
				TARGETED_DEVICE_FAMILY = "1,2";
			};
			name = Debug;
		};
		1D6058950D05DD3E006BFB54 /* Release */ = {
			isa = XCBuildConfiguration;
			buildSettings = {
				ALWAYS_SEARCH_USER_PATHS = NO;
				CLANG_ENABLE_OBJC_ARC = YES;
				COPY_PHASE_STRIP = YES;
				GCC_PRECOMPILE_PREFIX_HEADER = YES;
				GCC_PREFIX_HEADER = "金银猫/金银猫-Prefix.pch";
				GCC_THUMB_SUPPORT = NO;
				GCC_VERSION = "";
				INFOPLIST_FILE = "金银猫/金银猫-Info.plist";
				IPHONEOS_DEPLOYMENT_TARGET = 6.0;
				OTHER_LDFLAGS = (
					"-weak_framework",
					CoreFoundation,
					"-weak_framework",
					UIKit,
					"-weak_framework",
					AVFoundation,
					"-weak_framework",
					CoreMedia,
					"-weak-lSystem",
					"-ObjC",
				);
				PRODUCT_NAME = "金银猫";
				TARGETED_DEVICE_FAMILY = "1,2";
			};
			name = Release;
		};
		C01FCF4F08A954540054247B /* Debug */ = {
			isa = XCBuildConfiguration;
			buildSettings = {
				CLANG_ENABLE_OBJC_ARC = YES;
				CLANG_WARN_BOOL_CONVERSION = YES;
				CLANG_WARN_CONSTANT_CONVERSION = YES;
				CLANG_WARN_EMPTY_BODY = YES;
				CLANG_WARN_ENUM_CONVERSION = YES;
				CLANG_WARN_INT_CONVERSION = YES;
				CLANG_WARN__DUPLICATE_METHOD_MATCH = YES;
				"CODE_SIGN_IDENTITY[sdk=iphoneos*]" = "iPhone Developer";
				GCC_C_LANGUAGE_STANDARD = c99;
				GCC_THUMB_SUPPORT = NO;
				GCC_VERSION = "";
				GCC_WARN_ABOUT_RETURN_TYPE = YES;
				GCC_WARN_UNDECLARED_SELECTOR = YES;
				GCC_WARN_UNINITIALIZED_AUTOS = YES;
				GCC_WARN_UNUSED_FUNCTION = YES;
				GCC_WARN_UNUSED_VARIABLE = YES;
				HEADER_SEARCH_PATHS = (
					"\"$(TARGET_BUILD_DIR)/usr/local/lib/include\"",
					"\"$(OBJROOT)/UninstalledProducts/include\"",
					"\"$(BUILT_PRODUCTS_DIR)\"",
				);
				IPHONEOS_DEPLOYMENT_TARGET = 6.0;
				ONLY_ACTIVE_ARCH = YES;
				OTHER_LDFLAGS = (
					"-weak_framework",
					CoreFoundation,
					"-weak_framework",
					UIKit,
					"-weak_framework",
					AVFoundation,
					"-weak_framework",
					CoreMedia,
					"-weak-lSystem",
					"-ObjC",
				);
				SDKROOT = iphoneos;
				SKIP_INSTALL = NO;
				USER_HEADER_SEARCH_PATHS = "";
			};
			name = Debug;
		};
		C01FCF5008A954540054247B /* Release */ = {
			isa = XCBuildConfiguration;
			buildSettings = {
				CLANG_ENABLE_OBJC_ARC = YES;
				CLANG_WARN_BOOL_CONVERSION = YES;
				CLANG_WARN_CONSTANT_CONVERSION = YES;
				CLANG_WARN_EMPTY_BODY = YES;
				CLANG_WARN_ENUM_CONVERSION = YES;
				CLANG_WARN_INT_CONVERSION = YES;
				CLANG_WARN__DUPLICATE_METHOD_MATCH = YES;
				"CODE_SIGN_IDENTITY[sdk=iphoneos*]" = "iPhone Developer";
				GCC_C_LANGUAGE_STANDARD = c99;
				GCC_THUMB_SUPPORT = NO;
				GCC_VERSION = "";
				GCC_WARN_ABOUT_RETURN_TYPE = YES;
				GCC_WARN_UNDECLARED_SELECTOR = YES;
				GCC_WARN_UNINITIALIZED_AUTOS = YES;
				GCC_WARN_UNUSED_FUNCTION = YES;
				GCC_WARN_UNUSED_VARIABLE = YES;
				HEADER_SEARCH_PATHS = (
					"\"$(TARGET_BUILD_DIR)/usr/local/lib/include\"",
					"\"$(OBJROOT)/UninstalledProducts/include\"",
					"\"$(BUILT_PRODUCTS_DIR)\"",
				);
				IPHONEOS_DEPLOYMENT_TARGET = 6.0;
				OTHER_LDFLAGS = (
					"-weak_framework",
					CoreFoundation,
					"-weak_framework",
					UIKit,
					"-weak_framework",
					AVFoundation,
					"-weak_framework",
					CoreMedia,
					"-weak-lSystem",
					"-ObjC",
				);
				SDKROOT = iphoneos;
				SKIP_INSTALL = NO;
				USER_HEADER_SEARCH_PATHS = "";
			};
			name = Release;
		};
/* End XCBuildConfiguration section */

/* Begin XCConfigurationList section */
		1D6058960D05DD3E006BFB54 /* Build configuration list for PBXNativeTarget "金银猫" */ = {
			isa = XCConfigurationList;
			buildConfigurations = (
				1D6058940D05DD3E006BFB54 /* Debug */,
				1D6058950D05DD3E006BFB54 /* Release */,
			);
			defaultConfigurationIsVisible = 0;
			defaultConfigurationName = Release;
		};
		C01FCF4E08A954540054247B /* Build configuration list for PBXProject "__CLI__" */ = {
			isa = XCConfigurationList;
			buildConfigurations = (
				C01FCF4F08A954540054247B /* Debug */,
				C01FCF5008A954540054247B /* Release */,
			);
			defaultConfigurationIsVisible = 0;
			defaultConfigurationName = Release;
		};
/* End XCConfigurationList section */
	};
	rootObject = 29B97313FDCFA39411CA2CEA /* Project object */;
}
