// !$*UTF8*$!
{
	archiveVersion = 1;
	classes = {
	};
	objectVersion = 46;
	objects = {
/* Begin PBXBuildFile section */
		0434B29B7FE2492E81A1A26F /* UNIHTTPStringResponse.m in Sources */ = {isa = PBXBuildFile; fileRef = 302AA92C688344289049D7FF /* UNIHTTPStringResponse.m */; };
		1200601AF80A43C38F4D3605 /* inftrees.c in Sources */ = {isa = PBXBuildFile; fileRef = 4156F35A57BA4290A0239878 /* inftrees.c */; };
		193CB5C5D3374F2F9055C008 /* UNISimpleRequest.m in Sources */ = {isa = PBXBuildFile; fileRef = 44F78DF8760042EFBB60EF88 /* UNISimpleRequest.m */; };
		1D3623260D0F684500981E51 /* AppDelegate.m in Sources */ = {isa = PBXBuildFile; fileRef = 1D3623250D0F684500981E51 /* AppDelegate.m */; };
		1D60589B0D05DD56006BFB54 /* main.m in Sources */ = {isa = PBXBuildFile; fileRef = 29B97316FDCFA39411CA2CEA /* main.m */; };
		1E3E15DD4733441B8CA23B1A /* Toast.m in Sources */ = {isa = PBXBuildFile; fileRef = BE7516A46AE5498B911DA663 /* Toast.m */; };
		288765FD0DF74451002DB57D /* CoreGraphics.framework in Frameworks */ = {isa = PBXBuildFile; fileRef = 288765FC0DF74451002DB57D /* CoreGraphics.framework */; };
		2D0C95CED95E4F898D85D04A /* zip.c in Sources */ = {isa = PBXBuildFile; fileRef = 5D2E5FBF684441319871A24A /* zip.c */; };
		301BF552109A68D80062928A /* libCordova.a in Frameworks */ = {isa = PBXBuildFile; fileRef = 301BF535109A57CC0062928A /* libCordova.a */; };
		302D95F114D2391D003F00A1 /* MainViewController.m in Sources */ = {isa = PBXBuildFile; fileRef = 302D95EF14D2391D003F00A1 /* MainViewController.m */; };
		302D95F214D2391D003F00A1 /* MainViewController.xib in Resources */ = {isa = PBXBuildFile; fileRef = 302D95F014D2391D003F00A1 /* MainViewController.xib */; };
		305D5FD1115AB8F900A74A75 /* MobileCoreServices.framework in Frameworks */ = {isa = PBXBuildFile; fileRef = 305D5FD0115AB8F900A74A75 /* MobileCoreServices.framework */; };
		3088BBBD154F3926009F9C59 /* Default-Landscape@2x~ipad.png in Resources */ = {isa = PBXBuildFile; fileRef = 3088BBB7154F3926009F9C59 /* Default-Landscape@2x~ipad.png */; };
		3088BBBE154F3926009F9C59 /* Default-Landscape~ipad.png in Resources */ = {isa = PBXBuildFile; fileRef = 3088BBB8154F3926009F9C59 /* Default-Landscape~ipad.png */; };
		3088BBBF154F3926009F9C59 /* Default-Portrait@2x~ipad.png in Resources */ = {isa = PBXBuildFile; fileRef = 3088BBB9154F3926009F9C59 /* Default-Portrait@2x~ipad.png */; };
		3088BBC0154F3926009F9C59 /* Default-Portrait~ipad.png in Resources */ = {isa = PBXBuildFile; fileRef = 3088BBBA154F3926009F9C59 /* Default-Portrait~ipad.png */; };
		3088BBC1154F3926009F9C59 /* Default@2x~iphone.png in Resources */ = {isa = PBXBuildFile; fileRef = 3088BBBB154F3926009F9C59 /* Default@2x~iphone.png */; };
		3088BBC2154F3926009F9C59 /* Default~iphone.png in Resources */ = {isa = PBXBuildFile; fileRef = 3088BBBC154F3926009F9C59 /* Default~iphone.png */; };
		308D05371370CCF300D202BF /* icon-72.png in Resources */ = {isa = PBXBuildFile; fileRef = 308D052E1370CCF300D202BF /* icon-72.png */; };
		308D05381370CCF300D202BF /* icon.png in Resources */ = {isa = PBXBuildFile; fileRef = 308D052F1370CCF300D202BF /* icon.png */; };
		308D05391370CCF300D202BF /* icon@2x.png in Resources */ = {isa = PBXBuildFile; fileRef = 308D05301370CCF300D202BF /* icon@2x.png */; };
		30B4F30019D5E07200D9F7D8 /* Default-667h.png in Resources */ = {isa = PBXBuildFile; fileRef = 30B4F2FD19D5E07200D9F7D8 /* Default-667h.png */; };
		30B4F30119D5E07200D9F7D8 /* Default-736h.png in Resources */ = {isa = PBXBuildFile; fileRef = 30B4F2FE19D5E07200D9F7D8 /* Default-736h.png */; };
		30B4F30219D5E07200D9F7D8 /* Default-Landscape-736h.png in Resources */ = {isa = PBXBuildFile; fileRef = 30B4F2FF19D5E07200D9F7D8 /* Default-Landscape-736h.png */; };
		30C1856619D5FC0A00212699 /* icon-60@3x.png in Resources */ = {isa = PBXBuildFile; fileRef = 30C1856519D5FC0A00212699 /* icon-60@3x.png */; };
		30FC414916E50CA1004E6F35 /* icon-72@2x.png in Resources */ = {isa = PBXBuildFile; fileRef = 30FC414816E50CA1004E6F35 /* icon-72@2x.png */; };
		35E34FBB997B470DA7E52E53 /* infback.c in Sources */ = {isa = PBXBuildFile; fileRef = D4E52F96EBEE47018562ED05 /* infback.c */; };
		3768AD164C2C4918910095E2 /* Download.m in Sources */ = {isa = PBXBuildFile; fileRef = 7733A04A4FDE4A758DD2A075 /* Download.m */; };
		37D5978C0EC2408C9B996D0D /* inffast.c in Sources */ = {isa = PBXBuildFile; fileRef = B182A74D81B34399B766692B /* inffast.c */; };
		39DEA1B518384D3589C690C7 /* IonicKeyboard.m in Sources */ = {isa = PBXBuildFile; fileRef = 89C649F021E6431FB4690D5F /* IonicKeyboard.m */; };
		426B6E23A7B948BD95F68D6A /* QuartzCore.framework in Frameworks */ = {isa = PBXBuildFile; fileRef = AF580E61296245B8AC767FD1 /* QuartzCore.framework */; };
		44A16ABFAE1A4F0A97425D80 /* crc32.c in Sources */ = {isa = PBXBuildFile; fileRef = 2B848EE027C44E4B9C7E7954 /* crc32.c */; };
		45DB9B2988DB441A8F82EFC3 /* DownloadManager.m in Sources */ = {isa = PBXBuildFile; fileRef = AB19F86234474F419AC18141 /* DownloadManager.m */; };
		475698A32F154D49B2B28575 /* compress.c in Sources */ = {isa = PBXBuildFile; fileRef = C5327C1A3A784AD58834DE7F /* compress.c */; };
		47CCD96608924E0CA9CD7B49 /* UNIHTTPJsonResponse.m in Sources */ = {isa = PBXBuildFile; fileRef = 8DD60E0661844DFFB5D825A4 /* UNIHTTPJsonResponse.m */; };
		4D80F59E52AA48A6969A946E /* UNIHTTPClientHelper.m in Sources */ = {isa = PBXBuildFile; fileRef = DDA875308519457EB26769BA /* UNIHTTPClientHelper.m */; };
		5B1594DD16A7569C00FEF299 /* AssetsLibrary.framework in Frameworks */ = {isa = PBXBuildFile; fileRef = 5B1594DC16A7569C00FEF299 /* AssetsLibrary.framework */; };
		5C83E942F8D1400C8F471FAB /* SSZipArchive.m in Sources */ = {isa = PBXBuildFile; fileRef = 82185D8A483E4BAF9BBED4EC /* SSZipArchive.m */; };
		608C8CB1AABF401B8968A3BF /* ioapi.c in Sources */ = {isa = PBXBuildFile; fileRef = E7CC106732C646CBA3579A91 /* ioapi.c */; };
		620DC5616B024384ADDE6001 /* Base64.m in Sources */ = {isa = PBXBuildFile; fileRef = 2BBA29422EB0477D87788354 /* Base64.m */; };
		6234A585F60041DAAEE36D73 /* deflate.c in Sources */ = {isa = PBXBuildFile; fileRef = 655DBEBC71BD4780B1E5F45A /* deflate.c */; };
		7642C3CC37BE468CB1DC29E5 /* gzlib.c in Sources */ = {isa = PBXBuildFile; fileRef = 384FF717182942F8862A8E19 /* gzlib.c */; };
		7E7966DE1810823500FA85AD /* icon-40.png in Resources */ = {isa = PBXBuildFile; fileRef = 7E7966D41810823500FA85AD /* icon-40.png */; };
		7E7966DF1810823500FA85AD /* icon-40@2x.png in Resources */ = {isa = PBXBuildFile; fileRef = 7E7966D51810823500FA85AD /* icon-40@2x.png */; };
		7E7966E01810823500FA85AD /* icon-50.png in Resources */ = {isa = PBXBuildFile; fileRef = 7E7966D61810823500FA85AD /* icon-50.png */; };
		7E7966E11810823500FA85AD /* icon-50@2x.png in Resources */ = {isa = PBXBuildFile; fileRef = 7E7966D71810823500FA85AD /* icon-50@2x.png */; };
		7E7966E21810823500FA85AD /* icon-60.png in Resources */ = {isa = PBXBuildFile; fileRef = 7E7966D81810823500FA85AD /* icon-60.png */; };
		7E7966E31810823500FA85AD /* icon-60@2x.png in Resources */ = {isa = PBXBuildFile; fileRef = 7E7966D91810823500FA85AD /* icon-60@2x.png */; };
		7E7966E41810823500FA85AD /* icon-76.png in Resources */ = {isa = PBXBuildFile; fileRef = 7E7966DA1810823500FA85AD /* icon-76.png */; };
		7E7966E51810823500FA85AD /* icon-76@2x.png in Resources */ = {isa = PBXBuildFile; fileRef = 7E7966DB1810823500FA85AD /* icon-76@2x.png */; };
		7E7966E61810823500FA85AD /* icon-small.png in Resources */ = {isa = PBXBuildFile; fileRef = 7E7966DC1810823500FA85AD /* icon-small.png */; };
		7E7966E71810823500FA85AD /* icon-small@2x.png in Resources */ = {isa = PBXBuildFile; fileRef = 7E7966DD1810823500FA85AD /* icon-small@2x.png */; };
		82A7BAE05A9A463FAF37B16A /* gzclose.c in Sources */ = {isa = PBXBuildFile; fileRef = 4A2D41DAF13643F8A22953FB /* gzclose.c */; };
		8F896682AAB14450BC6110DA /* UNIRest.m in Sources */ = {isa = PBXBuildFile; fileRef = 21282B656F9144CB9C36DDDA /* UNIRest.m */; };
		99375217DD904AF68EE3530E /* adler32.c in Sources */ = {isa = PBXBuildFile; fileRef = DB749947B8EC49628EA71456 /* adler32.c */; };
		9BA46727764D455A8F9E180E /* UIWebViewExtension.m in Sources */ = {isa = PBXBuildFile; fileRef = 422E2939C14E4A3AA779BA31 /* UIWebViewExtension.m */; };
		A27AB3B66BD64958837B7608 /* CDVStatusBar.m in Sources */ = {isa = PBXBuildFile; fileRef = 9389CDEFA5D04D1DA6842CC9 /* CDVStatusBar.m */; };
		A341E96E764A4F02AFE748A9 /* Toast+UIView.m in Sources */ = {isa = PBXBuildFile; fileRef = EE02336C1B8F49D8896A06BF /* Toast+UIView.m */; };
		B30524E06F2C480CA017838F /* UNIBaseRequest.m in Sources */ = {isa = PBXBuildFile; fileRef = B38C280BE1AA4315BAE65516 /* UNIBaseRequest.m */; };
		C29CFDD2EF3D4510B7786862 /* IonicDeploy.m in Sources */ = {isa = PBXBuildFile; fileRef = 71C998FB7BF247D48D041B34 /* IonicDeploy.m */; };
		C4DE4F26E3D0445A9CC7CD34 /* zutil.c in Sources */ = {isa = PBXBuildFile; fileRef = 7469F029ACA24461904FD8D7 /* zutil.c */; };
		C51CA17023D44BABA7E41553 /* UNIHTTPResponse.m in Sources */ = {isa = PBXBuildFile; fileRef = 9BF60BA5F96D4876986BED37 /* UNIHTTPResponse.m */; };
		C728E6624DF74CADB47ECD97 /* UNIHTTPRequestWithBody.m in Sources */ = {isa = PBXBuildFile; fileRef = 84890AB2FD404F839176FB83 /* UNIHTTPRequestWithBody.m */; };
		C82744DCFBD04B7EA017A991 /* IonicConstant.m in Sources */ = {isa = PBXBuildFile; fileRef = 8D3AE7836E6C4FF78D6B4ACC /* IonicConstant.m */; };
		CBF0596A801242A5A6635C12 /* UNIJsonNode.m in Sources */ = {isa = PBXBuildFile; fileRef = 2A11272D20A448D3AB544E55 /* UNIJsonNode.m */; };
		D107BAD9BE7049E0A77E2AF4 /* gzwrite.c in Sources */ = {isa = PBXBuildFile; fileRef = DA4D91E38CC446B09887435F /* gzwrite.c */; };
		D393F0CE3EFD4CCF9E99AA7B /* UNIHTTPBinaryResponse.m in Sources */ = {isa = PBXBuildFile; fileRef = C0D6EB5B7843488BB46A86A6 /* UNIHTTPBinaryResponse.m */; };
		D4A0D8761607E02300AEF8BB /* Default-568h@2x~iphone.png in Resources */ = {isa = PBXBuildFile; fileRef = D4A0D8751607E02300AEF8BB /* Default-568h@2x~iphone.png */; };
		D8E15048C6C447CCAF19E3F5 /* UNIUrlConnection.m in Sources */ = {isa = PBXBuildFile; fileRef = A07F5D0B3BF1412DA584F62D /* UNIUrlConnection.m */; };
		E4D9D8003B3E4E60ADB7F2F5 /* unzip.c in Sources */ = {isa = PBXBuildFile; fileRef = A54DA41250564A25A2E6AC50 /* unzip.c */; };
		E6E0EEF1F7A843209EE5D030 /* CDVInAppBrowser.m in Sources */ = {isa = PBXBuildFile; fileRef = 5DBCEE02815C49DEA748A5AF /* CDVInAppBrowser.m */; };
		EF6DEE0945754A0C83280E55 /* trees.c in Sources */ = {isa = PBXBuildFile; fileRef = 24208130AEF24A4F8D2275D3 /* trees.c */; };
		F35657F93A5642C8828E01AD /* uncompr.c in Sources */ = {isa = PBXBuildFile; fileRef = CF160213A05949019EEDC8FF /* uncompr.c */; };
		F50009EE951B4C3FA2AAFA2F /* inflate.c in Sources */ = {isa = PBXBuildFile; fileRef = 44A3694F8D42496D827BF152 /* inflate.c */; };
		FD74E4121C5A41049E0CBD04 /* gzread.c in Sources */ = {isa = PBXBuildFile; fileRef = 77CC543B43434070A84C22E8 /* gzread.c */; };
		FE4A4DB59F124EA5A81F00AD /* UNIHTTPRequest.m in Sources */ = {isa = PBXBuildFile; fileRef = CEF67A4847BF4CE3BAD7A83B /* UNIHTTPRequest.m */; };
		FFE02D8FC277425D9AE3EA60 /* UNIBodyRequest.m in Sources */ = {isa = PBXBuildFile; fileRef = 9BA46248ADC2409E8A9A15A4 /* UNIBodyRequest.m */; };
/* End PBXBuildFile section */

/* Begin PBXContainerItemProxy section */
		301BF534109A57CC0062928A /* PBXContainerItemProxy */ = {
			isa = PBXContainerItemProxy;
			containerPortal = 301BF52D109A57CC0062928A /* CordovaLib.xcodeproj */;
			proxyType = 2;
			remoteGlobalIDString = D2AAC07E0554694100DB518D;
			remoteInfo = CordovaLib;
		};
		301BF550109A68C00062928A /* PBXContainerItemProxy */ = {
			isa = PBXContainerItemProxy;
			containerPortal = 301BF52D109A57CC0062928A /* CordovaLib.xcodeproj */;
			proxyType = 1;
			remoteGlobalIDString = D2AAC07D0554694100DB518D;
			remoteInfo = CordovaLib;
		};
/* End PBXContainerItemProxy section */

/* Begin PBXFileReference section */
		088E67B9EC104C28BEA5AD66 /* Toast+UIView.h */ = {isa = PBXFileReference; fileEncoding = 4; lastKnownFileType = sourcecode.c.h; name = "Toast+UIView.h"; path = "nl.x-services.plugins.toast/Toast+UIView.h"; sourceTree = "<group>"; };
		0C2B287DB8164636872C9530 /* zconf.h */ = {isa = PBXFileReference; fileEncoding = 4; lastKnownFileType = sourcecode.c.h; name = zconf.h; path = com.ionic.deploy/zconf.h; sourceTree = "<group>"; };
		0C7D8AE02F5E459DA79016D2 /* unzip.h */ = {isa = PBXFileReference; fileEncoding = 4; lastKnownFileType = sourcecode.c.h; name = unzip.h; path = com.ionic.deploy/unzip.h; sourceTree = "<group>"; };
		11CB9D4CCC5042B4AF3B1ED0 /* deflate.h */ = {isa = PBXFileReference; fileEncoding = 4; lastKnownFileType = sourcecode.c.h; name = deflate.h; path = com.ionic.deploy/deflate.h; sourceTree = "<group>"; };
		15EAE8EA66324A0F85D57738 /* ioapi.h */ = {isa = PBXFileReference; fileEncoding = 4; lastKnownFileType = sourcecode.c.h; name = ioapi.h; path = com.ionic.deploy/ioapi.h; sourceTree = "<group>"; };
		1AADD63E91B645DC9329D547 /* UNIHTTPClientHelper.h */ = {isa = PBXFileReference; fileEncoding = 4; lastKnownFileType = sourcecode.c.h; name = UNIHTTPClientHelper.h; path = com.ionic.deploy/UNIHTTPClientHelper.h; sourceTree = "<group>"; };
		1D3623240D0F684500981E51 /* AppDelegate.h */ = {isa = PBXFileReference; fileEncoding = 4; lastKnownFileType = sourcecode.c.h; path = AppDelegate.h; sourceTree = "<group>"; };
		1D3623250D0F684500981E51 /* AppDelegate.m */ = {isa = PBXFileReference; fileEncoding = 4; lastKnownFileType = sourcecode.c.objc; path = AppDelegate.m; sourceTree = "<group>"; };
		1D6058910D05DD3D006BFB54 /* 金银猫.app */ = {isa = PBXFileReference; explicitFileType = wrapper.application; includeInIndex = 0; path = "金银猫.app"; sourceTree = BUILT_PRODUCTS_DIR; };
		21282B656F9144CB9C36DDDA /* UNIRest.m */ = {isa = PBXFileReference; fileEncoding = 4; lastKnownFileType = sourcecode.c.objc; name = UNIRest.m; path = com.ionic.deploy/UNIRest.m; sourceTree = "<group>"; };
		24208130AEF24A4F8D2275D3 /* trees.c */ = {isa = PBXFileReference; fileEncoding = 4; lastKnownFileType = unknown; name = trees.c; path = com.ionic.deploy/trees.c; sourceTree = "<group>"; };
		286A3FDE66D04C13AD4AAD77 /* ARCHelper.h */ = {isa = PBXFileReference; fileEncoding = 4; lastKnownFileType = sourcecode.c.h; name = ARCHelper.h; path = com.ionic.deploy/ARCHelper.h; sourceTree = "<group>"; };
		288765FC0DF74451002DB57D /* CoreGraphics.framework */ = {isa = PBXFileReference; lastKnownFileType = wrapper.framework; name = CoreGraphics.framework; path = System/Library/Frameworks/CoreGraphics.framework; sourceTree = SDKROOT; };
		29B97316FDCFA39411CA2CEA /* main.m */ = {isa = PBXFileReference; fileEncoding = 4; lastKnownFileType = sourcecode.c.objc; path = main.m; sourceTree = "<group>"; };
		2A11272D20A448D3AB544E55 /* UNIJsonNode.m */ = {isa = PBXFileReference; fileEncoding = 4; lastKnownFileType = sourcecode.c.objc; name = UNIJsonNode.m; path = com.ionic.deploy/UNIJsonNode.m; sourceTree = "<group>"; };
		2A38A2A8CDEC4F6A8BFBBEE1 /* UNIUrlConnection.h */ = {isa = PBXFileReference; fileEncoding = 4; lastKnownFileType = sourcecode.c.h; name = UNIUrlConnection.h; path = com.ionic.deploy/UNIUrlConnection.h; sourceTree = "<group>"; };
		2B848EE027C44E4B9C7E7954 /* crc32.c */ = {isa = PBXFileReference; fileEncoding = 4; lastKnownFileType = unknown; name = crc32.c; path = com.ionic.deploy/crc32.c; sourceTree = "<group>"; };
		2BBA29422EB0477D87788354 /* Base64.m */ = {isa = PBXFileReference; fileEncoding = 4; lastKnownFileType = sourcecode.c.objc; name = Base64.m; path = com.ionic.deploy/Base64.m; sourceTree = "<group>"; };
		2E3BC648A02E4CABADB9D064 /* inftrees.h */ = {isa = PBXFileReference; fileEncoding = 4; lastKnownFileType = sourcecode.c.h; name = inftrees.h; path = com.ionic.deploy/inftrees.h; sourceTree = "<group>"; };
		2E844A310A314656819E45B0 /* UNIHTTPRequest.h */ = {isa = PBXFileReference; fileEncoding = 4; lastKnownFileType = sourcecode.c.h; name = UNIHTTPRequest.h; path = com.ionic.deploy/UNIHTTPRequest.h; sourceTree = "<group>"; };
		301BF52D109A57CC0062928A /* CordovaLib.xcodeproj */ = {isa = PBXFileReference; lastKnownFileType = "wrapper.pb-project"; name = CordovaLib.xcodeproj; path = CordovaLib/CordovaLib.xcodeproj; sourceTree = "<group>"; };
		301BF56E109A69640062928A /* www */ = {isa = PBXFileReference; lastKnownFileType = folder; path = www; sourceTree = SOURCE_ROOT; };
		302AA92C688344289049D7FF /* UNIHTTPStringResponse.m */ = {isa = PBXFileReference; fileEncoding = 4; lastKnownFileType = sourcecode.c.objc; name = UNIHTTPStringResponse.m; path = com.ionic.deploy/UNIHTTPStringResponse.m; sourceTree = "<group>"; };
		302D95EE14D2391D003F00A1 /* MainViewController.h */ = {isa = PBXFileReference; fileEncoding = 4; lastKnownFileType = sourcecode.c.h; path = MainViewController.h; sourceTree = "<group>"; };
		302D95EF14D2391D003F00A1 /* MainViewController.m */ = {isa = PBXFileReference; fileEncoding = 4; lastKnownFileType = sourcecode.c.objc; path = MainViewController.m; sourceTree = "<group>"; };
		302D95F014D2391D003F00A1 /* MainViewController.xib */ = {isa = PBXFileReference; fileEncoding = 4; lastKnownFileType = file.xib; path = MainViewController.xib; sourceTree = "<group>"; };
		305D5FD0115AB8F900A74A75 /* MobileCoreServices.framework */ = {isa = PBXFileReference; lastKnownFileType = wrapper.framework; name = MobileCoreServices.framework; path = System/Library/Frameworks/MobileCoreServices.framework; sourceTree = SDKROOT; };
		3088BBB7154F3926009F9C59 /* Default-Landscape@2x~ipad.png */ = {isa = PBXFileReference; lastKnownFileType = image.png; path = "Default-Landscape@2x~ipad.png"; sourceTree = "<group>"; };
		3088BBB8154F3926009F9C59 /* Default-Landscape~ipad.png */ = {isa = PBXFileReference; lastKnownFileType = image.png; path = "Default-Landscape~ipad.png"; sourceTree = "<group>"; };
		3088BBB9154F3926009F9C59 /* Default-Portrait@2x~ipad.png */ = {isa = PBXFileReference; lastKnownFileType = image.png; path = "Default-Portrait@2x~ipad.png"; sourceTree = "<group>"; };
		3088BBBA154F3926009F9C59 /* Default-Portrait~ipad.png */ = {isa = PBXFileReference; lastKnownFileType = image.png; path = "Default-Portrait~ipad.png"; sourceTree = "<group>"; };
		3088BBBB154F3926009F9C59 /* Default@2x~iphone.png */ = {isa = PBXFileReference; lastKnownFileType = image.png; path = "Default@2x~iphone.png"; sourceTree = "<group>"; };
		3088BBBC154F3926009F9C59 /* Default~iphone.png */ = {isa = PBXFileReference; lastKnownFileType = image.png; path = "Default~iphone.png"; sourceTree = "<group>"; };
		308D052E1370CCF300D202BF /* icon-72.png */ = {isa = PBXFileReference; lastKnownFileType = image.png; path = "icon-72.png"; sourceTree = "<group>"; };
		308D052F1370CCF300D202BF /* icon.png */ = {isa = PBXFileReference; lastKnownFileType = image.png; path = icon.png; sourceTree = "<group>"; };
		308D05301370CCF300D202BF /* icon@2x.png */ = {isa = PBXFileReference; lastKnownFileType = image.png; path = "icon@2x.png"; sourceTree = "<group>"; };
		30B4F2FD19D5E07200D9F7D8 /* Default-667h.png */ = {isa = PBXFileReference; lastKnownFileType = image.png; path = "Default-667h.png"; sourceTree = "<group>"; };
		30B4F2FE19D5E07200D9F7D8 /* Default-736h.png */ = {isa = PBXFileReference; lastKnownFileType = image.png; path = "Default-736h.png"; sourceTree = "<group>"; };
		30B4F2FF19D5E07200D9F7D8 /* Default-Landscape-736h.png */ = {isa = PBXFileReference; lastKnownFileType = image.png; path = "Default-Landscape-736h.png"; sourceTree = "<group>"; };
		30C1856519D5FC0A00212699 /* icon-60@3x.png */ = {isa = PBXFileReference; lastKnownFileType = image.png; path = "icon-60@3x.png"; sourceTree = "<group>"; };
		30FC414816E50CA1004E6F35 /* icon-72@2x.png */ = {isa = PBXFileReference; lastKnownFileType = image.png; path = "icon-72@2x.png"; sourceTree = "<group>"; };
		32CA4F630368D1EE00C91783 /* 金银猫-Prefix.pch */ = {isa = PBXFileReference; fileEncoding = 4; lastKnownFileType = sourcecode.c.h; path = "金银猫-Prefix.pch"; sourceTree = "<group>"; };
		3499BBA4A0EB48BE9FD66401 /* Toast.h */ = {isa = PBXFileReference; fileEncoding = 4; lastKnownFileType = sourcecode.c.h; name = Toast.h; path = "nl.x-services.plugins.toast/Toast.h"; sourceTree = "<group>"; };
		384FF717182942F8862A8E19 /* gzlib.c */ = {isa = PBXFileReference; fileEncoding = 4; lastKnownFileType = unknown; name = gzlib.c; path = com.ionic.deploy/gzlib.c; sourceTree = "<group>"; };
		3CB3F39B72BC4CF9B535061A /* CDVStatusBar.h */ = {isa = PBXFileReference; fileEncoding = 4; lastKnownFileType = sourcecode.c.h; name = CDVStatusBar.h; path = "cordova-plugin-statusbar/CDVStatusBar.h"; sourceTree = "<group>"; };
		3D3C953107D44CC08F1EABA6 /* trees.h */ = {isa = PBXFileReference; fileEncoding = 4; lastKnownFileType = sourcecode.c.h; name = trees.h; path = com.ionic.deploy/trees.h; sourceTree = "<group>"; };
		4156F35A57BA4290A0239878 /* inftrees.c */ = {isa = PBXFileReference; fileEncoding = 4; lastKnownFileType = unknown; name = inftrees.c; path = com.ionic.deploy/inftrees.c; sourceTree = "<group>"; };
		422E2939C14E4A3AA779BA31 /* UIWebViewExtension.m */ = {isa = PBXFileReference; fileEncoding = 4; lastKnownFileType = sourcecode.c.objc; name = UIWebViewExtension.m; path = com.ionic.keyboard/UIWebViewExtension.m; sourceTree = "<group>"; };
		44A3694F8D42496D827BF152 /* inflate.c */ = {isa = PBXFileReference; fileEncoding = 4; lastKnownFileType = unknown; name = inflate.c; path = com.ionic.deploy/inflate.c; sourceTree = "<group>"; };
		44E356E13DC047FFBC4C6D8C /* UNIHTTPBinaryResponse.h */ = {isa = PBXFileReference; fileEncoding = 4; lastKnownFileType = sourcecode.c.h; name = UNIHTTPBinaryResponse.h; path = com.ionic.deploy/UNIHTTPBinaryResponse.h; sourceTree = "<group>"; };
		44F78DF8760042EFBB60EF88 /* UNISimpleRequest.m */ = {isa = PBXFileReference; fileEncoding = 4; lastKnownFileType = sourcecode.c.objc; name = UNISimpleRequest.m; path = com.ionic.deploy/UNISimpleRequest.m; sourceTree = "<group>"; };
		4A2D41DAF13643F8A22953FB /* gzclose.c */ = {isa = PBXFileReference; fileEncoding = 4; lastKnownFileType = unknown; name = gzclose.c; path = com.ionic.deploy/gzclose.c; sourceTree = "<group>"; };
		51739EE9920047B897FA5E4C /* crc32.h */ = {isa = PBXFileReference; fileEncoding = 4; lastKnownFileType = sourcecode.c.h; name = crc32.h; path = com.ionic.deploy/crc32.h; sourceTree = "<group>"; };
		54A92CC963BE4C68816863CB /* inffast.h */ = {isa = PBXFileReference; fileEncoding = 4; lastKnownFileType = sourcecode.c.h; name = inffast.h; path = com.ionic.deploy/inffast.h; sourceTree = "<group>"; };
		5B1594DC16A7569C00FEF299 /* AssetsLibrary.framework */ = {isa = PBXFileReference; lastKnownFileType = wrapper.framework; name = AssetsLibrary.framework; path = System/Library/Frameworks/AssetsLibrary.framework; sourceTree = SDKROOT; };
		5B3378180F914C8D9903DDBA /* IonicKeyboard.h */ = {isa = PBXFileReference; fileEncoding = 4; lastKnownFileType = sourcecode.c.h; name = IonicKeyboard.h; path = com.ionic.keyboard/IonicKeyboard.h; sourceTree = "<group>"; };
		5D0EA498D6B94F92A8CA221A /* UIWebViewExtension.h */ = {isa = PBXFileReference; fileEncoding = 4; lastKnownFileType = sourcecode.c.h; name = UIWebViewExtension.h; path = com.ionic.keyboard/UIWebViewExtension.h; sourceTree = "<group>"; };
		5D2E5FBF684441319871A24A /* zip.c */ = {isa = PBXFileReference; fileEncoding = 4; lastKnownFileType = unknown; name = zip.c; path = com.ionic.deploy/zip.c; sourceTree = "<group>"; };
		5DBCEE02815C49DEA748A5AF /* CDVInAppBrowser.m */ = {isa = PBXFileReference; fileEncoding = 4; lastKnownFileType = sourcecode.c.objc; name = CDVInAppBrowser.m; path = "cordova-plugin-inappbrowser/CDVInAppBrowser.m"; sourceTree = "<group>"; };
		655DBEBC71BD4780B1E5F45A /* deflate.c */ = {isa = PBXFileReference; fileEncoding = 4; lastKnownFileType = unknown; name = deflate.c; path = com.ionic.deploy/deflate.c; sourceTree = "<group>"; };
		6CCBA388A7884F6290CB57F2 /* UNIBaseRequest.h */ = {isa = PBXFileReference; fileEncoding = 4; lastKnownFileType = sourcecode.c.h; name = UNIBaseRequest.h; path = com.ionic.deploy/UNIBaseRequest.h; sourceTree = "<group>"; };
		6E6BB0689BDF4B21AD141790 /* UNISimpleRequest.h */ = {isa = PBXFileReference; fileEncoding = 4; lastKnownFileType = sourcecode.c.h; name = UNISimpleRequest.h; path = com.ionic.deploy/UNISimpleRequest.h; sourceTree = "<group>"; };
		70F0815BF4A847A49B8D72F8 /* inffixed.h */ = {isa = PBXFileReference; fileEncoding = 4; lastKnownFileType = sourcecode.c.h; name = inffixed.h; path = com.ionic.deploy/inffixed.h; sourceTree = "<group>"; };
		71C998FB7BF247D48D041B34 /* IonicDeploy.m */ = {isa = PBXFileReference; fileEncoding = 4; lastKnownFileType = sourcecode.c.objc; name = IonicDeploy.m; path = com.ionic.deploy/IonicDeploy.m; sourceTree = "<group>"; };
		73340641C58B4DCEB895B852 /* zlib.h */ = {isa = PBXFileReference; fileEncoding = 4; lastKnownFileType = sourcecode.c.h; name = zlib.h; path = com.ionic.deploy/zlib.h; sourceTree = "<group>"; };
		7469F029ACA24461904FD8D7 /* zutil.c */ = {isa = PBXFileReference; fileEncoding = 4; lastKnownFileType = unknown; name = zutil.c; path = com.ionic.deploy/zutil.c; sourceTree = "<group>"; };
		7733A04A4FDE4A758DD2A075 /* Download.m */ = {isa = PBXFileReference; fileEncoding = 4; lastKnownFileType = sourcecode.c.objc; name = Download.m; path = com.ionic.deploy/Download.m; sourceTree = "<group>"; };
		77CC543B43434070A84C22E8 /* gzread.c */ = {isa = PBXFileReference; fileEncoding = 4; lastKnownFileType = unknown; name = gzread.c; path = com.ionic.deploy/gzread.c; sourceTree = "<group>"; };
		7E7966D41810823500FA85AD /* icon-40.png */ = {isa = PBXFileReference; lastKnownFileType = image.png; path = "icon-40.png"; sourceTree = "<group>"; };
		7E7966D51810823500FA85AD /* icon-40@2x.png */ = {isa = PBXFileReference; lastKnownFileType = image.png; path = "icon-40@2x.png"; sourceTree = "<group>"; };
		7E7966D61810823500FA85AD /* icon-50.png */ = {isa = PBXFileReference; lastKnownFileType = image.png; path = "icon-50.png"; sourceTree = "<group>"; };
		7E7966D71810823500FA85AD /* icon-50@2x.png */ = {isa = PBXFileReference; lastKnownFileType = image.png; path = "icon-50@2x.png"; sourceTree = "<group>"; };
		7E7966D81810823500FA85AD /* icon-60.png */ = {isa = PBXFileReference; lastKnownFileType = image.png; path = "icon-60.png"; sourceTree = "<group>"; };
		7E7966D91810823500FA85AD /* icon-60@2x.png */ = {isa = PBXFileReference; lastKnownFileType = image.png; path = "icon-60@2x.png"; sourceTree = "<group>"; };
		7E7966DA1810823500FA85AD /* icon-76.png */ = {isa = PBXFileReference; lastKnownFileType = image.png; path = "icon-76.png"; sourceTree = "<group>"; };
		7E7966DB1810823500FA85AD /* icon-76@2x.png */ = {isa = PBXFileReference; lastKnownFileType = image.png; path = "icon-76@2x.png"; sourceTree = "<group>"; };
		7E7966DC1810823500FA85AD /* icon-small.png */ = {isa = PBXFileReference; lastKnownFileType = image.png; path = "icon-small.png"; sourceTree = "<group>"; };
		7E7966DD1810823500FA85AD /* icon-small@2x.png */ = {isa = PBXFileReference; lastKnownFileType = image.png; path = "icon-small@2x.png"; sourceTree = "<group>"; };
		800502AA56074B2DBAFDADD2 /* zip.h */ = {isa = PBXFileReference; fileEncoding = 4; lastKnownFileType = sourcecode.c.h; name = zip.h; path = com.ionic.deploy/zip.h; sourceTree = "<group>"; };
		82185D8A483E4BAF9BBED4EC /* SSZipArchive.m */ = {isa = PBXFileReference; fileEncoding = 4; lastKnownFileType = sourcecode.c.objc; name = SSZipArchive.m; path = com.ionic.deploy/SSZipArchive.m; sourceTree = "<group>"; };
		84890AB2FD404F839176FB83 /* UNIHTTPRequestWithBody.m */ = {isa = PBXFileReference; fileEncoding = 4; lastKnownFileType = sourcecode.c.objc; name = UNIHTTPRequestWithBody.m; path = com.ionic.deploy/UNIHTTPRequestWithBody.m; sourceTree = "<group>"; };
		875EEB9B30F14C7B99D9BBA0 /* UNIRest.h */ = {isa = PBXFileReference; fileEncoding = 4; lastKnownFileType = sourcecode.c.h; name = UNIRest.h; path = com.ionic.deploy/UNIRest.h; sourceTree = "<group>"; };
		88A4F6DCF37845788F1EC208 /* Unirest-Prefix.pch */ = {isa = PBXFileReference; fileEncoding = 4; lastKnownFileType = unknown; name = "Unirest-Prefix.pch"; path = "com.ionic.deploy/Unirest-Prefix.pch"; sourceTree = "<group>"; };
		89C649F021E6431FB4690D5F /* IonicKeyboard.m */ = {isa = PBXFileReference; fileEncoding = 4; lastKnownFileType = sourcecode.c.objc; name = IonicKeyboard.m; path = com.ionic.keyboard/IonicKeyboard.m; sourceTree = "<group>"; };
		8B4F41E2BF3742179C3D27D6 /* Base64.h */ = {isa = PBXFileReference; fileEncoding = 4; lastKnownFileType = sourcecode.c.h; name = Base64.h; path = com.ionic.deploy/Base64.h; sourceTree = "<group>"; };
		8D1107310486CEB800E47090 /* 金银猫-Info.plist */ = {isa = PBXFileReference; fileEncoding = 4; lastKnownFileType = text.plist.xml; name = "金银猫-Info.plist"; path = "../金银猫-Info.plist"; plistStructureDefinitionIdentifier = "com.apple.xcode.plist.structure-definition.iphone.info-plist"; sourceTree = "<group>"; };
		8D3AE7836E6C4FF78D6B4ACC /* IonicConstant.m */ = {isa = PBXFileReference; fileEncoding = 4; lastKnownFileType = sourcecode.c.objc; name = IonicConstant.m; path = com.ionic.deploy/IonicConstant.m; sourceTree = "<group>"; };
		8DB578062E9F44AA9EA01068 /* UNIHTTPStringResponse.h */ = {isa = PBXFileReference; fileEncoding = 4; lastKnownFileType = sourcecode.c.h; name = UNIHTTPStringResponse.h; path = com.ionic.deploy/UNIHTTPStringResponse.h; sourceTree = "<group>"; };
		8DD60E0661844DFFB5D825A4 /* UNIHTTPJsonResponse.m */ = {isa = PBXFileReference; fileEncoding = 4; lastKnownFileType = sourcecode.c.objc; name = UNIHTTPJsonResponse.m; path = com.ionic.deploy/UNIHTTPJsonResponse.m; sourceTree = "<group>"; };
		906C7F3E0CD342DA920F451E /* IonicConstant.h */ = {isa = PBXFileReference; fileEncoding = 4; lastKnownFileType = sourcecode.c.h; name = IonicConstant.h; path = com.ionic.deploy/IonicConstant.h; sourceTree = "<group>"; };
		9389CDEFA5D04D1DA6842CC9 /* CDVStatusBar.m */ = {isa = PBXFileReference; fileEncoding = 4; lastKnownFileType = sourcecode.c.objc; name = CDVStatusBar.m; path = "cordova-plugin-statusbar/CDVStatusBar.m"; sourceTree = "<group>"; };
		9BA46248ADC2409E8A9A15A4 /* UNIBodyRequest.m */ = {isa = PBXFileReference; fileEncoding = 4; lastKnownFileType = sourcecode.c.objc; name = UNIBodyRequest.m; path = com.ionic.deploy/UNIBodyRequest.m; sourceTree = "<group>"; };
		9BF60BA5F96D4876986BED37 /* UNIHTTPResponse.m */ = {isa = PBXFileReference; fileEncoding = 4; lastKnownFileType = sourcecode.c.objc; name = UNIHTTPResponse.m; path = com.ionic.deploy/UNIHTTPResponse.m; sourceTree = "<group>"; };
		A07F5D0B3BF1412DA584F62D /* UNIUrlConnection.m */ = {isa = PBXFileReference; fileEncoding = 4; lastKnownFileType = sourcecode.c.objc; name = UNIUrlConnection.m; path = com.ionic.deploy/UNIUrlConnection.m; sourceTree = "<group>"; };
		A54DA41250564A25A2E6AC50 /* unzip.c */ = {isa = PBXFileReference; fileEncoding = 4; lastKnownFileType = unknown; name = unzip.c; path = com.ionic.deploy/unzip.c; sourceTree = "<group>"; };
		A95A6A978B454D9A975A9225 /* zutil.h */ = {isa = PBXFileReference; fileEncoding = 4; lastKnownFileType = sourcecode.c.h; name = zutil.h; path = com.ionic.deploy/zutil.h; sourceTree = "<group>"; };
		AB19F86234474F419AC18141 /* DownloadManager.m */ = {isa = PBXFileReference; fileEncoding = 4; lastKnownFileType = sourcecode.c.objc; name = DownloadManager.m; path = com.ionic.deploy/DownloadManager.m; sourceTree = "<group>"; };
		AC7541AA7980491A921D2F0F /* UNIHTTPRequestWithBody.h */ = {isa = PBXFileReference; fileEncoding = 4; lastKnownFileType = sourcecode.c.h; name = UNIHTTPRequestWithBody.h; path = com.ionic.deploy/UNIHTTPRequestWithBody.h; sourceTree = "<group>"; };
		AF580E61296245B8AC767FD1 /* QuartzCore.framework */ = {isa = PBXFileReference; fileEncoding = 4; lastKnownFileType = wrapper.framework; name = QuartzCore.framework; path = System/Library/Frameworks/QuartzCore.framework; sourceTree = SDKROOT; };
		AF99BC9E9C9640ABB2CB7D08 /* DownloadManager.h */ = {isa = PBXFileReference; fileEncoding = 4; lastKnownFileType = sourcecode.c.h; name = DownloadManager.h; path = com.ionic.deploy/DownloadManager.h; sourceTree = "<group>"; };
		AFAF12B6FA8C471E9F4FA74C /* gzguts.h */ = {isa = PBXFileReference; fileEncoding = 4; lastKnownFileType = sourcecode.c.h; name = gzguts.h; path = com.ionic.deploy/gzguts.h; sourceTree = "<group>"; };
		B182A74D81B34399B766692B /* inffast.c */ = {isa = PBXFileReference; fileEncoding = 4; lastKnownFileType = unknown; name = inffast.c; path = com.ionic.deploy/inffast.c; sourceTree = "<group>"; };
		B38C280BE1AA4315BAE65516 /* UNIBaseRequest.m */ = {isa = PBXFileReference; fileEncoding = 4; lastKnownFileType = sourcecode.c.objc; name = UNIBaseRequest.m; path = com.ionic.deploy/UNIBaseRequest.m; sourceTree = "<group>"; };
		BE7516A46AE5498B911DA663 /* Toast.m */ = {isa = PBXFileReference; fileEncoding = 4; lastKnownFileType = sourcecode.c.objc; name = Toast.m; path = "nl.x-services.plugins.toast/Toast.m"; sourceTree = "<group>"; };
		BFB780EC50B040F7A73106CB /* crypt.h */ = {isa = PBXFileReference; fileEncoding = 4; lastKnownFileType = sourcecode.c.h; name = crypt.h; path = com.ionic.deploy/crypt.h; sourceTree = "<group>"; };
		C0D6EB5B7843488BB46A86A6 /* UNIHTTPBinaryResponse.m */ = {isa = PBXFileReference; fileEncoding = 4; lastKnownFileType = sourcecode.c.objc; name = UNIHTTPBinaryResponse.m; path = com.ionic.deploy/UNIHTTPBinaryResponse.m; sourceTree = "<group>"; };
		C404FA2C4DED48E39021D469 /* UNIHTTPResponse.h */ = {isa = PBXFileReference; fileEncoding = 4; lastKnownFileType = sourcecode.c.h; name = UNIHTTPResponse.h; path = com.ionic.deploy/UNIHTTPResponse.h; sourceTree = "<group>"; };
		C5327C1A3A784AD58834DE7F /* compress.c */ = {isa = PBXFileReference; fileEncoding = 4; lastKnownFileType = unknown; name = compress.c; path = com.ionic.deploy/compress.c; sourceTree = "<group>"; };
		CEDB472A78AE4AABB265D6E9 /* CDVInAppBrowser.h */ = {isa = PBXFileReference; fileEncoding = 4; lastKnownFileType = sourcecode.c.h; name = CDVInAppBrowser.h; path = "cordova-plugin-inappbrowser/CDVInAppBrowser.h"; sourceTree = "<group>"; };
		CEF67A4847BF4CE3BAD7A83B /* UNIHTTPRequest.m */ = {isa = PBXFileReference; fileEncoding = 4; lastKnownFileType = sourcecode.c.objc; name = UNIHTTPRequest.m; path = com.ionic.deploy/UNIHTTPRequest.m; sourceTree = "<group>"; };
		CF160213A05949019EEDC8FF /* uncompr.c */ = {isa = PBXFileReference; fileEncoding = 4; lastKnownFileType = unknown; name = uncompr.c; path = com.ionic.deploy/uncompr.c; sourceTree = "<group>"; };
		D471C6629243408E9D3DD106 /* UNIJsonNode.h */ = {isa = PBXFileReference; fileEncoding = 4; lastKnownFileType = sourcecode.c.h; name = UNIJsonNode.h; path = com.ionic.deploy/UNIJsonNode.h; sourceTree = "<group>"; };
		D4A0D8751607E02300AEF8BB /* Default-568h@2x~iphone.png */ = {isa = PBXFileReference; lastKnownFileType = image.png; path = "Default-568h@2x~iphone.png"; sourceTree = "<group>"; };
		D4E52F96EBEE47018562ED05 /* infback.c */ = {isa = PBXFileReference; fileEncoding = 4; lastKnownFileType = unknown; name = infback.c; path = com.ionic.deploy/infback.c; sourceTree = "<group>"; };
		D85F5C9110674A9AAB261D74 /* inflate.h */ = {isa = PBXFileReference; fileEncoding = 4; lastKnownFileType = sourcecode.c.h; name = inflate.h; path = com.ionic.deploy/inflate.h; sourceTree = "<group>"; };
		DA4D91E38CC446B09887435F /* gzwrite.c */ = {isa = PBXFileReference; fileEncoding = 4; lastKnownFileType = unknown; name = gzwrite.c; path = com.ionic.deploy/gzwrite.c; sourceTree = "<group>"; };
		DB749947B8EC49628EA71456 /* adler32.c */ = {isa = PBXFileReference; fileEncoding = 4; lastKnownFileType = unknown; name = adler32.c; path = com.ionic.deploy/adler32.c; sourceTree = "<group>"; };
		DDA875308519457EB26769BA /* UNIHTTPClientHelper.m */ = {isa = PBXFileReference; fileEncoding = 4; lastKnownFileType = sourcecode.c.objc; name = UNIHTTPClientHelper.m; path = com.ionic.deploy/UNIHTTPClientHelper.m; sourceTree = "<group>"; };
		E79D1930BE2D4D46A80399CE /* UNIBodyRequest.h */ = {isa = PBXFileReference; fileEncoding = 4; lastKnownFileType = sourcecode.c.h; name = UNIBodyRequest.h; path = com.ionic.deploy/UNIBodyRequest.h; sourceTree = "<group>"; };
		E7CC106732C646CBA3579A91 /* ioapi.c */ = {isa = PBXFileReference; fileEncoding = 4; lastKnownFileType = unknown; name = ioapi.c; path = com.ionic.deploy/ioapi.c; sourceTree = "<group>"; };
		EA39F7A5275B4D2AA3FAB53F /* Download.h */ = {isa = PBXFileReference; fileEncoding = 4; lastKnownFileType = sourcecode.c.h; name = Download.h; path = com.ionic.deploy/Download.h; sourceTree = "<group>"; };
		EB87FDF21871DA7A0020F90C /* merges */ = {isa = PBXFileReference; lastKnownFileType = folder; name = merges; path = ../../merges; sourceTree = "<group>"; };
		EB87FDF31871DA8E0020F90C /* www */ = {isa = PBXFileReference; lastKnownFileType = folder; name = www; path = ../../www; sourceTree = "<group>"; };
		EB87FDF41871DAF40020F90C /* config.xml */ = {isa = PBXFileReference; lastKnownFileType = text.xml; name = config.xml; path = ../../config.xml; sourceTree = "<group>"; };
		EE02336C1B8F49D8896A06BF /* Toast+UIView.m */ = {isa = PBXFileReference; fileEncoding = 4; lastKnownFileType = sourcecode.c.objc; name = "Toast+UIView.m"; path = "nl.x-services.plugins.toast/Toast+UIView.m"; sourceTree = "<group>"; };
		EEE9A6BBE9014ED282670209 /* IonicDeploy.h */ = {isa = PBXFileReference; fileEncoding = 4; lastKnownFileType = sourcecode.c.h; name = IonicDeploy.h; path = com.ionic.deploy/IonicDeploy.h; sourceTree = "<group>"; };
		F7FB63FEBDEF4AA190CDF9B1 /* SSZipArchive.h */ = {isa = PBXFileReference; fileEncoding = 4; lastKnownFileType = sourcecode.c.h; name = SSZipArchive.h; path = com.ionic.deploy/SSZipArchive.h; sourceTree = "<group>"; };
		F840E1F0165FE0F500CFE078 /* config.xml */ = {isa = PBXFileReference; lastKnownFileType = text.xml; name = config.xml; path = "金银猫/config.xml"; sourceTree = "<group>"; };
		FF0356956B1C4D6B9F169118 /* UNIHTTPJsonResponse.h */ = {isa = PBXFileReference; fileEncoding = 4; lastKnownFileType = sourcecode.c.h; name = UNIHTTPJsonResponse.h; path = com.ionic.deploy/UNIHTTPJsonResponse.h; sourceTree = "<group>"; };
/* End PBXFileReference section */

/* Begin PBXFrameworksBuildPhase section */
		1D60588F0D05DD3D006BFB54 /* Frameworks */ = {
			isa = PBXFrameworksBuildPhase;
			buildActionMask = 2147483647;
			files = (
				5B1594DD16A7569C00FEF299 /* AssetsLibrary.framework in Frameworks */,
				301BF552109A68D80062928A /* libCordova.a in Frameworks */,
				288765FD0DF74451002DB57D /* CoreGraphics.framework in Frameworks */,
				305D5FD1115AB8F900A74A75 /* MobileCoreServices.framework in Frameworks */,
				426B6E23A7B948BD95F68D6A /* QuartzCore.framework in Frameworks */,
			);
			runOnlyForDeploymentPostprocessing = 0;
		};
/* End PBXFrameworksBuildPhase section */

/* Begin PBXGroup section */
		080E96DDFE201D6D7F000001 /* Classes */ = {
			isa = PBXGroup;
			children = (
				302D95EE14D2391D003F00A1 /* MainViewController.h */,
				302D95EF14D2391D003F00A1 /* MainViewController.m */,
				302D95F014D2391D003F00A1 /* MainViewController.xib */,
				1D3623240D0F684500981E51 /* AppDelegate.h */,
				1D3623250D0F684500981E51 /* AppDelegate.m */,
			);
			name = Classes;
			path = "金银猫/Classes";
			sourceTree = SOURCE_ROOT;
		};
		19C28FACFE9D520D11CA2CBB /* Products */ = {
			isa = PBXGroup;
			children = (
				1D6058910D05DD3D006BFB54 /* 金银猫.app */,
			);
			name = Products;
			sourceTree = "<group>";
		};
		29B97314FDCFA39411CA2CEA /* CustomTemplate */ = {
			isa = PBXGroup;
			children = (
				EB87FDF41871DAF40020F90C /* config.xml */,
				EB87FDF31871DA8E0020F90C /* www */,
				EB87FDF21871DA7A0020F90C /* merges */,
				EB87FDF11871DA420020F90C /* Staging */,
				301BF52D109A57CC0062928A /* CordovaLib.xcodeproj */,
				080E96DDFE201D6D7F000001 /* Classes */,
				307C750510C5A3420062BCA9 /* Plugins */,
				29B97315FDCFA39411CA2CEA /* Other Sources */,
				29B97317FDCFA39411CA2CEA /* Resources */,
				29B97323FDCFA39411CA2CEA /* Frameworks */,
				19C28FACFE9D520D11CA2CBB /* Products */,
			);
			name = CustomTemplate;
			sourceTree = "<group>";
		};
		29B97315FDCFA39411CA2CEA /* Other Sources */ = {
			isa = PBXGroup;
			children = (
				32CA4F630368D1EE00C91783 /* 金银猫-Prefix.pch */,
				29B97316FDCFA39411CA2CEA /* main.m */,
			);
			name = "Other Sources";
			path = "金银猫";
			sourceTree = "<group>";
		};
		29B97317FDCFA39411CA2CEA /* Resources */ = {
			isa = PBXGroup;
			children = (
				308D052D1370CCF300D202BF /* icons */,
				308D05311370CCF300D202BF /* splash */,
				8D1107310486CEB800E47090 /* 金银猫-Info.plist */,
			);
			name = Resources;
			path = "金银猫/Resources";
			sourceTree = "<group>";
		};
		29B97323FDCFA39411CA2CEA /* Frameworks */ = {
			isa = PBXGroup;
			children = (
				5B1594DC16A7569C00FEF299 /* AssetsLibrary.framework */,
				288765FC0DF74451002DB57D /* CoreGraphics.framework */,
				305D5FD0115AB8F900A74A75 /* MobileCoreServices.framework */,
				AF580E61296245B8AC767FD1 /* QuartzCore.framework */,
			);
			name = Frameworks;
			sourceTree = "<group>";
		};
		301BF52E109A57CC0062928A /* Products */ = {
			isa = PBXGroup;
			children = (
				301BF535109A57CC0062928A /* libCordova.a */,
			);
			name = Products;
			sourceTree = "<group>";
		};
		307C750510C5A3420062BCA9 /* Plugins */ = {
			isa = PBXGroup;
			children = (
				8D3AE7836E6C4FF78D6B4ACC /* IonicConstant.m */,
				71C998FB7BF247D48D041B34 /* IonicDeploy.m */,
				7733A04A4FDE4A758DD2A075 /* Download.m */,
				AB19F86234474F419AC18141 /* DownloadManager.m */,
				82185D8A483E4BAF9BBED4EC /* SSZipArchive.m */,
				E7CC106732C646CBA3579A91 /* ioapi.c */,
				A54DA41250564A25A2E6AC50 /* unzip.c */,
				5D2E5FBF684441319871A24A /* zip.c */,
				DB749947B8EC49628EA71456 /* adler32.c */,
				C5327C1A3A784AD58834DE7F /* compress.c */,
				2B848EE027C44E4B9C7E7954 /* crc32.c */,
				655DBEBC71BD4780B1E5F45A /* deflate.c */,
				4A2D41DAF13643F8A22953FB /* gzclose.c */,
				384FF717182942F8862A8E19 /* gzlib.c */,
				77CC543B43434070A84C22E8 /* gzread.c */,
				DA4D91E38CC446B09887435F /* gzwrite.c */,
				D4E52F96EBEE47018562ED05 /* infback.c */,
				B182A74D81B34399B766692B /* inffast.c */,
				44A3694F8D42496D827BF152 /* inflate.c */,
				4156F35A57BA4290A0239878 /* inftrees.c */,
				24208130AEF24A4F8D2275D3 /* trees.c */,
				CF160213A05949019EEDC8FF /* uncompr.c */,
				7469F029ACA24461904FD8D7 /* zutil.c */,
				2BBA29422EB0477D87788354 /* Base64.m */,
				DDA875308519457EB26769BA /* UNIHTTPClientHelper.m */,
				CEF67A4847BF4CE3BAD7A83B /* UNIHTTPRequest.m */,
				84890AB2FD404F839176FB83 /* UNIHTTPRequestWithBody.m */,
				21282B656F9144CB9C36DDDA /* UNIRest.m */,
				A07F5D0B3BF1412DA584F62D /* UNIUrlConnection.m */,
				B38C280BE1AA4315BAE65516 /* UNIBaseRequest.m */,
				9BA46248ADC2409E8A9A15A4 /* UNIBodyRequest.m */,
				44F78DF8760042EFBB60EF88 /* UNISimpleRequest.m */,
				C0D6EB5B7843488BB46A86A6 /* UNIHTTPBinaryResponse.m */,
				8DD60E0661844DFFB5D825A4 /* UNIHTTPJsonResponse.m */,
				9BF60BA5F96D4876986BED37 /* UNIHTTPResponse.m */,
				302AA92C688344289049D7FF /* UNIHTTPStringResponse.m */,
				2A11272D20A448D3AB544E55 /* UNIJsonNode.m */,
				906C7F3E0CD342DA920F451E /* IonicConstant.h */,
				EEE9A6BBE9014ED282670209 /* IonicDeploy.h */,
				EA39F7A5275B4D2AA3FAB53F /* Download.h */,
				AF99BC9E9C9640ABB2CB7D08 /* DownloadManager.h */,
				F7FB63FEBDEF4AA190CDF9B1 /* SSZipArchive.h */,
				286A3FDE66D04C13AD4AAD77 /* ARCHelper.h */,
				BFB780EC50B040F7A73106CB /* crypt.h */,
				15EAE8EA66324A0F85D57738 /* ioapi.h */,
				0C7D8AE02F5E459DA79016D2 /* unzip.h */,
				800502AA56074B2DBAFDADD2 /* zip.h */,
				51739EE9920047B897FA5E4C /* crc32.h */,
				11CB9D4CCC5042B4AF3B1ED0 /* deflate.h */,
				AFAF12B6FA8C471E9F4FA74C /* gzguts.h */,
				54A92CC963BE4C68816863CB /* inffast.h */,
				70F0815BF4A847A49B8D72F8 /* inffixed.h */,
				D85F5C9110674A9AAB261D74 /* inflate.h */,
				2E3BC648A02E4CABADB9D064 /* inftrees.h */,
				3D3C953107D44CC08F1EABA6 /* trees.h */,
				0C2B287DB8164636872C9530 /* zconf.h */,
				73340641C58B4DCEB895B852 /* zlib.h */,
				A95A6A978B454D9A975A9225 /* zutil.h */,
				8B4F41E2BF3742179C3D27D6 /* Base64.h */,
				1AADD63E91B645DC9329D547 /* UNIHTTPClientHelper.h */,
				2E844A310A314656819E45B0 /* UNIHTTPRequest.h */,
				AC7541AA7980491A921D2F0F /* UNIHTTPRequestWithBody.h */,
				88A4F6DCF37845788F1EC208 /* Unirest-Prefix.pch */,
				875EEB9B30F14C7B99D9BBA0 /* UNIRest.h */,
				2A38A2A8CDEC4F6A8BFBBEE1 /* UNIUrlConnection.h */,
				6CCBA388A7884F6290CB57F2 /* UNIBaseRequest.h */,
				E79D1930BE2D4D46A80399CE /* UNIBodyRequest.h */,
				6E6BB0689BDF4B21AD141790 /* UNISimpleRequest.h */,
				44E356E13DC047FFBC4C6D8C /* UNIHTTPBinaryResponse.h */,
				FF0356956B1C4D6B9F169118 /* UNIHTTPJsonResponse.h */,
				C404FA2C4DED48E39021D469 /* UNIHTTPResponse.h */,
				8DB578062E9F44AA9EA01068 /* UNIHTTPStringResponse.h */,
				D471C6629243408E9D3DD106 /* UNIJsonNode.h */,
				89C649F021E6431FB4690D5F /* IonicKeyboard.m */,
				422E2939C14E4A3AA779BA31 /* UIWebViewExtension.m */,
				5B3378180F914C8D9903DDBA /* IonicKeyboard.h */,
				5D0EA498D6B94F92A8CA221A /* UIWebViewExtension.h */,
				5DBCEE02815C49DEA748A5AF /* CDVInAppBrowser.m */,
				CEDB472A78AE4AABB265D6E9 /* CDVInAppBrowser.h */,
				9389CDEFA5D04D1DA6842CC9 /* CDVStatusBar.m */,
				3CB3F39B72BC4CF9B535061A /* CDVStatusBar.h */,
				EE02336C1B8F49D8896A06BF /* Toast+UIView.m */,
				BE7516A46AE5498B911DA663 /* Toast.m */,
				088E67B9EC104C28BEA5AD66 /* Toast+UIView.h */,
				3499BBA4A0EB48BE9FD66401 /* Toast.h */,
			);
			name = Plugins;
			path = "金银猫/Plugins";
			sourceTree = SOURCE_ROOT;
		};
		308D052D1370CCF300D202BF /* icons */ = {
			isa = PBXGroup;
			children = (
				30C1856519D5FC0A00212699 /* icon-60@3x.png */,
				7E7966D41810823500FA85AD /* icon-40.png */,
				7E7966D51810823500FA85AD /* icon-40@2x.png */,
				7E7966D61810823500FA85AD /* icon-50.png */,
				7E7966D71810823500FA85AD /* icon-50@2x.png */,
				7E7966D81810823500FA85AD /* icon-60.png */,
				7E7966D91810823500FA85AD /* icon-60@2x.png */,
				7E7966DA1810823500FA85AD /* icon-76.png */,
				7E7966DB1810823500FA85AD /* icon-76@2x.png */,
				7E7966DC1810823500FA85AD /* icon-small.png */,
				7E7966DD1810823500FA85AD /* icon-small@2x.png */,
				30FC414816E50CA1004E6F35 /* icon-72@2x.png */,
				308D052E1370CCF300D202BF /* icon-72.png */,
				308D052F1370CCF300D202BF /* icon.png */,
				308D05301370CCF300D202BF /* icon@2x.png */,
			);
			path = icons;
			sourceTree = "<group>";
		};
		308D05311370CCF300D202BF /* splash */ = {
			isa = PBXGroup;
			children = (
				30B4F2FD19D5E07200D9F7D8 /* Default-667h.png */,
				30B4F2FE19D5E07200D9F7D8 /* Default-736h.png */,
				30B4F2FF19D5E07200D9F7D8 /* Default-Landscape-736h.png */,
				D4A0D8751607E02300AEF8BB /* Default-568h@2x~iphone.png */,
				3088BBB7154F3926009F9C59 /* Default-Landscape@2x~ipad.png */,
				3088BBB8154F3926009F9C59 /* Default-Landscape~ipad.png */,
				3088BBB9154F3926009F9C59 /* Default-Portrait@2x~ipad.png */,
				3088BBBA154F3926009F9C59 /* Default-Portrait~ipad.png */,
				3088BBBB154F3926009F9C59 /* Default@2x~iphone.png */,
				3088BBBC154F3926009F9C59 /* Default~iphone.png */,
			);
			path = splash;
			sourceTree = "<group>";
		};
		EB87FDF11871DA420020F90C /* Staging */ = {
			isa = PBXGroup;
			children = (
				F840E1F0165FE0F500CFE078 /* config.xml */,
				301BF56E109A69640062928A /* www */,
			);
			name = Staging;
			sourceTree = "<group>";
		};
/* End PBXGroup section */

/* Begin PBXNativeTarget section */
		1D6058900D05DD3D006BFB54 /* 金银猫 */ = {
			isa = PBXNativeTarget;
			buildConfigurationList = 1D6058960D05DD3E006BFB54 /* Build configuration list for PBXNativeTarget "金银猫" */;
			buildPhases = (
				304B58A110DAC018002A0835 /* Copy www directory */,
				1D60588D0D05DD3D006BFB54 /* Resources */,
				1D60588E0D05DD3D006BFB54 /* Sources */,
				1D60588F0D05DD3D006BFB54 /* Frameworks */,
			);
			buildRules = (
			);
			dependencies = (
				301BF551109A68C00062928A /* PBXTargetDependency */,
			);
			name = "金银猫";
			productName = "金银猫";
			productReference = 1D6058910D05DD3D006BFB54 /* 金银猫.app */;
			productType = "com.apple.product-type.application";
		};
/* End PBXNativeTarget section */

/* Begin PBXProject section */
		29B97313FDCFA39411CA2CEA /* Project object */ = {
			isa = PBXProject;
			attributes = {
				LastUpgradeCheck = 510;
			};
			buildConfigurationList = C01FCF4E08A954540054247B /* Build configuration list for PBXProject "金银猫" */;
			compatibilityVersion = "Xcode 3.2";
			developmentRegion = English;
			hasScannedForEncodings = 1;
			knownRegions = (
				English,
				Japanese,
				French,
				German,
				en,
				es,
				de,
				se,
			);
			mainGroup = 29B97314FDCFA39411CA2CEA /* CustomTemplate */;
			projectDirPath = "";
			projectReferences = (
				{
					ProductGroup = 301BF52E109A57CC0062928A /* Products */;
					ProjectRef = 301BF52D109A57CC0062928A /* CordovaLib.xcodeproj */;
				},
			);
			projectRoot = "";
			targets = (
				1D6058900D05DD3D006BFB54 /* 金银猫 */,
			);
		};
/* End PBXProject section */

/* Begin PBXReferenceProxy section */
		301BF535109A57CC0062928A /* libCordova.a */ = {
			isa = PBXReferenceProxy;
			fileType = archive.ar;
			path = libCordova.a;
			remoteRef = 301BF534109A57CC0062928A /* PBXContainerItemProxy */;
			sourceTree = BUILT_PRODUCTS_DIR;
		};
/* End PBXReferenceProxy section */

/* Begin PBXResourcesBuildPhase section */
		1D60588D0D05DD3D006BFB54 /* Resources */ = {
			isa = PBXResourcesBuildPhase;
			buildActionMask = 2147483647;
			files = (
				7E7966E41810823500FA85AD /* icon-76.png in Resources */,
				7E7966DF1810823500FA85AD /* icon-40@2x.png in Resources */,
				308D05371370CCF300D202BF /* icon-72.png in Resources */,
				30B4F30119D5E07200D9F7D8 /* Default-736h.png in Resources */,
				308D05381370CCF300D202BF /* icon.png in Resources */,
				308D05391370CCF300D202BF /* icon@2x.png in Resources */,
				302D95F214D2391D003F00A1 /* MainViewController.xib in Resources */,
				7E7966E01810823500FA85AD /* icon-50.png in Resources */,
				7E7966E31810823500FA85AD /* icon-60@2x.png in Resources */,
				7E7966E61810823500FA85AD /* icon-small.png in Resources */,
				3088BBBD154F3926009F9C59 /* Default-Landscape@2x~ipad.png in Resources */,
				3088BBBE154F3926009F9C59 /* Default-Landscape~ipad.png in Resources */,
				3088BBBF154F3926009F9C59 /* Default-Portrait@2x~ipad.png in Resources */,
				7E7966E71810823500FA85AD /* icon-small@2x.png in Resources */,
				3088BBC0154F3926009F9C59 /* Default-Portrait~ipad.png in Resources */,
				30B4F30019D5E07200D9F7D8 /* Default-667h.png in Resources */,
				7E7966DE1810823500FA85AD /* icon-40.png in Resources */,
				3088BBC1154F3926009F9C59 /* Default@2x~iphone.png in Resources */,
				7E7966E21810823500FA85AD /* icon-60.png in Resources */,
				3088BBC2154F3926009F9C59 /* Default~iphone.png in Resources */,
				D4A0D8761607E02300AEF8BB /* Default-568h@2x~iphone.png in Resources */,
				30B4F30219D5E07200D9F7D8 /* Default-Landscape-736h.png in Resources */,
				30C1856619D5FC0A00212699 /* icon-60@3x.png in Resources */,
				7E7966E11810823500FA85AD /* icon-50@2x.png in Resources */,
				7E7966E51810823500FA85AD /* icon-76@2x.png in Resources */,
				30FC414916E50CA1004E6F35 /* icon-72@2x.png in Resources */,
			);
			runOnlyForDeploymentPostprocessing = 0;
		};
/* End PBXResourcesBuildPhase section */

/* Begin PBXShellScriptBuildPhase section */
		304B58A110DAC018002A0835 /* Copy www directory */ = {
			isa = PBXShellScriptBuildPhase;
			buildActionMask = 2147483647;
			files = (
			);
			inputPaths = (
			);
			name = "Copy www directory";
			outputPaths = (
			);
			runOnlyForDeploymentPostprocessing = 0;
			shellPath = /bin/sh;
			shellScript = "cordova/lib/copy-www-build-step.sh";
			showEnvVarsInLog = 0;
		};
/* End PBXShellScriptBuildPhase section */

/* Begin PBXSourcesBuildPhase section */
		1D60588E0D05DD3D006BFB54 /* Sources */ = {
			isa = PBXSourcesBuildPhase;
			buildActionMask = 2147483647;
			files = (
				1D60589B0D05DD56006BFB54 /* main.m in Sources */,
				1D3623260D0F684500981E51 /* AppDelegate.m in Sources */,
				302D95F114D2391D003F00A1 /* MainViewController.m in Sources */,
				C82744DCFBD04B7EA017A991 /* IonicConstant.m in Sources */,
				C29CFDD2EF3D4510B7786862 /* IonicDeploy.m in Sources */,
				3768AD164C2C4918910095E2 /* Download.m in Sources */,
				45DB9B2988DB441A8F82EFC3 /* DownloadManager.m in Sources */,
				5C83E942F8D1400C8F471FAB /* SSZipArchive.m in Sources */,
				608C8CB1AABF401B8968A3BF /* ioapi.c in Sources */,
				E4D9D8003B3E4E60ADB7F2F5 /* unzip.c in Sources */,
				2D0C95CED95E4F898D85D04A /* zip.c in Sources */,
				99375217DD904AF68EE3530E /* adler32.c in Sources */,
				475698A32F154D49B2B28575 /* compress.c in Sources */,
				44A16ABFAE1A4F0A97425D80 /* crc32.c in Sources */,
				6234A585F60041DAAEE36D73 /* deflate.c in Sources */,
				82A7BAE05A9A463FAF37B16A /* gzclose.c in Sources */,
				7642C3CC37BE468CB1DC29E5 /* gzlib.c in Sources */,
				FD74E4121C5A41049E0CBD04 /* gzread.c in Sources */,
				D107BAD9BE7049E0A77E2AF4 /* gzwrite.c in Sources */,
				35E34FBB997B470DA7E52E53 /* infback.c in Sources */,
				37D5978C0EC2408C9B996D0D /* inffast.c in Sources */,
				F50009EE951B4C3FA2AAFA2F /* inflate.c in Sources */,
				1200601AF80A43C38F4D3605 /* inftrees.c in Sources */,
				EF6DEE0945754A0C83280E55 /* trees.c in Sources */,
				F35657F93A5642C8828E01AD /* uncompr.c in Sources */,
				C4DE4F26E3D0445A9CC7CD34 /* zutil.c in Sources */,
				620DC5616B024384ADDE6001 /* Base64.m in Sources */,
				4D80F59E52AA48A6969A946E /* UNIHTTPClientHelper.m in Sources */,
				FE4A4DB59F124EA5A81F00AD /* UNIHTTPRequest.m in Sources */,
				C728E6624DF74CADB47ECD97 /* UNIHTTPRequestWithBody.m in Sources */,
				8F896682AAB14450BC6110DA /* UNIRest.m in Sources */,
				D8E15048C6C447CCAF19E3F5 /* UNIUrlConnection.m in Sources */,
				B30524E06F2C480CA017838F /* UNIBaseRequest.m in Sources */,
				FFE02D8FC277425D9AE3EA60 /* UNIBodyRequest.m in Sources */,
				193CB5C5D3374F2F9055C008 /* UNISimpleRequest.m in Sources */,
				D393F0CE3EFD4CCF9E99AA7B /* UNIHTTPBinaryResponse.m in Sources */,
				47CCD96608924E0CA9CD7B49 /* UNIHTTPJsonResponse.m in Sources */,
				C51CA17023D44BABA7E41553 /* UNIHTTPResponse.m in Sources */,
				0434B29B7FE2492E81A1A26F /* UNIHTTPStringResponse.m in Sources */,
				CBF0596A801242A5A6635C12 /* UNIJsonNode.m in Sources */,
				39DEA1B518384D3589C690C7 /* IonicKeyboard.m in Sources */,
				9BA46727764D455A8F9E180E /* UIWebViewExtension.m in Sources */,
				E6E0EEF1F7A843209EE5D030 /* CDVInAppBrowser.m in Sources */,
				A27AB3B66BD64958837B7608 /* CDVStatusBar.m in Sources */,
				A341E96E764A4F02AFE748A9 /* Toast+UIView.m in Sources */,
				1E3E15DD4733441B8CA23B1A /* Toast.m in Sources */,
			);
			runOnlyForDeploymentPostprocessing = 0;
		};
/* End PBXSourcesBuildPhase section */

/* Begin PBXTargetDependency section */
		301BF551109A68C00062928A /* PBXTargetDependency */ = {
			isa = PBXTargetDependency;
			name = CordovaLib;
			targetProxy = 301BF550109A68C00062928A /* PBXContainerItemProxy */;
		};
/* End PBXTargetDependency section */

/* Begin XCBuildConfiguration section */
		1D6058940D05DD3E006BFB54 /* Debug */ = {
			isa = XCBuildConfiguration;
			buildSettings = {
				ALWAYS_SEARCH_USER_PATHS = NO;
				CLANG_ENABLE_OBJC_ARC = YES;
				CODE_SIGN_IDENTITY = "iPhone Developer: Mingzhou Yang (S6LGVQ5QF4)";
				COMPRESS_PNG_FILES = NO;
				COPY_PHASE_STRIP = NO;
				GCC_DYNAMIC_NO_PIC = NO;
				GCC_OPTIMIZATION_LEVEL = 0;
				GCC_PRECOMPILE_PREFIX_HEADER = YES;
				GCC_PREFIX_HEADER = "金银猫/金银猫-Prefix.pch";
				GCC_THUMB_SUPPORT = NO;
				GCC_VERSION = "";
				INFOPLIST_FILE = "金银猫/金银猫-Info.plist";
				IPHONEOS_DEPLOYMENT_TARGET = 6.0;
				OTHER_LDFLAGS = (
					"-weak_framework",
					CoreFoundation,
					"-weak_framework",
					UIKit,
					"-weak_framework",
					AVFoundation,
					"-weak_framework",
					CoreMedia,
					"-weak-lSystem",
					"-ObjC",
				);
				PRODUCT_NAME = "金银猫";
				PROVISIONING_PROFILE = "0e22cdf2-2426-422d-a1a8-50f4d04079f4";
				TARGETED_DEVICE_FAMILY = "1,2";
			};
			name = Debug;
		};
		1D6058950D05DD3E006BFB54 /* Release */ = {
			isa = XCBuildConfiguration;
			buildSettings = {
				ALWAYS_SEARCH_USER_PATHS = NO;
				CLANG_ENABLE_OBJC_ARC = YES;
				CODE_SIGN_IDENTITY = "iPhone Developer: Mingzhou Yang (S6LGVQ5QF4)";
				COMPRESS_PNG_FILES = NO;
				COPY_PHASE_STRIP = YES;
				GCC_PRECOMPILE_PREFIX_HEADER = YES;
				GCC_PREFIX_HEADER = "金银猫/金银猫-Prefix.pch";
				GCC_THUMB_SUPPORT = NO;
				GCC_VERSION = "";
				INFOPLIST_FILE = "金银猫/金银猫-Info.plist";
				IPHONEOS_DEPLOYMENT_TARGET = 6.0;
				OTHER_LDFLAGS = (
					"-weak_framework",
					CoreFoundation,
					"-weak_framework",
					UIKit,
					"-weak_framework",
					AVFoundation,
					"-weak_framework",
					CoreMedia,
					"-weak-lSystem",
					"-ObjC",
				);
				PRODUCT_NAME = "金银猫";
				PROVISIONING_PROFILE = "0e22cdf2-2426-422d-a1a8-50f4d04079f4";
				TARGETED_DEVICE_FAMILY = "1,2";
			};
			name = Release;
		};
		C01FCF4F08A954540054247B /* Debug */ = {
			isa = XCBuildConfiguration;
			buildSettings = {
				CLANG_ENABLE_OBJC_ARC = YES;
				CLANG_WARN_BOOL_CONVERSION = YES;
				CLANG_WARN_CONSTANT_CONVERSION = YES;
				CLANG_WARN_EMPTY_BODY = YES;
				CLANG_WARN_ENUM_CONVERSION = YES;
				CLANG_WARN_INT_CONVERSION = YES;
				CLANG_WARN__DUPLICATE_METHOD_MATCH = YES;
				"CODE_SIGN_IDENTITY[sdk=iphoneos*]" = "iPhone Developer";
				GCC_C_LANGUAGE_STANDARD = c99;
				GCC_THUMB_SUPPORT = NO;
				GCC_VERSION = "";
				GCC_WARN_ABOUT_RETURN_TYPE = YES;
				GCC_WARN_UNDECLARED_SELECTOR = YES;
				GCC_WARN_UNINITIALIZED_AUTOS = YES;
				GCC_WARN_UNUSED_FUNCTION = YES;
				GCC_WARN_UNUSED_VARIABLE = YES;
				HEADER_SEARCH_PATHS = (
					"\"$(TARGET_BUILD_DIR)/usr/local/lib/include\"",
					"\"$(OBJROOT)/UninstalledProducts/include\"",
					"\"$(BUILT_PRODUCTS_DIR)\"",
				);
				IPHONEOS_DEPLOYMENT_TARGET = 6.0;
				ONLY_ACTIVE_ARCH = YES;
				OTHER_LDFLAGS = (
					"-weak_framework",
					CoreFoundation,
					"-weak_framework",
					UIKit,
					"-weak_framework",
					AVFoundation,
					"-weak_framework",
					CoreMedia,
					"-weak-lSystem",
					"-ObjC",
				);
				SDKROOT = iphoneos;
				SKIP_INSTALL = NO;
				USER_HEADER_SEARCH_PATHS = "";
			};
			name = Debug;
		};
		C01FCF5008A954540054247B /* Release */ = {
			isa = XCBuildConfiguration;
			buildSettings = {
				CLANG_ENABLE_OBJC_ARC = YES;
				CLANG_WARN_BOOL_CONVERSION = YES;
				CLANG_WARN_CONSTANT_CONVERSION = YES;
				CLANG_WARN_EMPTY_BODY = YES;
				CLANG_WARN_ENUM_CONVERSION = YES;
				CLANG_WARN_INT_CONVERSION = YES;
				CLANG_WARN__DUPLICATE_METHOD_MATCH = YES;
				"CODE_SIGN_IDENTITY[sdk=iphoneos*]" = "iPhone Developer";
				GCC_C_LANGUAGE_STANDARD = c99;
				GCC_THUMB_SUPPORT = NO;
				GCC_VERSION = "";
				GCC_WARN_ABOUT_RETURN_TYPE = YES;
				GCC_WARN_UNDECLARED_SELECTOR = YES;
				GCC_WARN_UNINITIALIZED_AUTOS = YES;
				GCC_WARN_UNUSED_FUNCTION = YES;
				GCC_WARN_UNUSED_VARIABLE = YES;
				HEADER_SEARCH_PATHS = (
					"\"$(TARGET_BUILD_DIR)/usr/local/lib/include\"",
					"\"$(OBJROOT)/UninstalledProducts/include\"",
					"\"$(BUILT_PRODUCTS_DIR)\"",
				);
				IPHONEOS_DEPLOYMENT_TARGET = 6.0;
				OTHER_LDFLAGS = (
					"-weak_framework",
					CoreFoundation,
					"-weak_framework",
					UIKit,
					"-weak_framework",
					AVFoundation,
					"-weak_framework",
					CoreMedia,
					"-weak-lSystem",
					"-ObjC",
				);
				SDKROOT = iphoneos;
				SKIP_INSTALL = NO;
				USER_HEADER_SEARCH_PATHS = "";
			};
			name = Release;
		};
/* End XCBuildConfiguration section */

/* Begin XCConfigurationList section */
		1D6058960D05DD3E006BFB54 /* Build configuration list for PBXNativeTarget "金银猫" */ = {
			isa = XCConfigurationList;
			buildConfigurations = (
				1D6058940D05DD3E006BFB54 /* Debug */,
				1D6058950D05DD3E006BFB54 /* Release */,
			);
			defaultConfigurationIsVisible = 0;
			defaultConfigurationName = Release;
		};
		C01FCF4E08A954540054247B /* Build configuration list for PBXProject "金银猫" */ = {
			isa = XCConfigurationList;
			buildConfigurations = (
				C01FCF4F08A954540054247B /* Debug */,
				C01FCF5008A954540054247B /* Release */,
			);
			defaultConfigurationIsVisible = 0;
			defaultConfigurationName = Release;
		};
/* End XCConfigurationList section */
	};
	rootObject = 29B97313FDCFA39411CA2CEA /* Project object */;
}
